// !$*UTF8*$!
{
	archiveVersion = 1;
	classes = {
	};
	objectVersion = 100;
	objects = {

/* Begin PBXBuildFile section */
		01B14B85383457BCCE87A686 /* AccelerationPausingView.swift in Sources */ = {isa = PBXBuildFile; fileRef = 522ECDA62667676000F69884 /* AccelerationPausingView.swift */; };
		17B6B6E9904AF9FE05D4762A /* FaceTimePiPView.swift in Sources */ = {isa = PBXBuildFile; fileRef = 522ECDB62668BD8500F69884 /* FaceTimePiPView.swift */; };
		2125DBCEBC52E48684081264 /* ContentView.swift in Sources */ = {isa = PBXBuildFile; fileRef = 5205F4D6265FC1E3007CEBAD /* ContentView.swift */; };
		289B76BFF1072B0C5FBB925C /* RewardingMomentumView.swift in Sources */ = {isa = PBXBuildFile; fileRef = 522ECDA92667B41900F69884 /* RewardingMomentumView.swift */; };
		2DB1400F88DD23D80948F05D /* FlashlightButtonView.swift in Sources */ = {isa = PBXBuildFile; fileRef = 522ECD912664FE1200F69884 /* FlashlightButtonView.swift */; };
		338A36BE20634AF466D97354 /* CalculatorButtonView.swift in Sources */ = {isa = PBXBuildFile; fileRef = 5205F517265FC553007CEBAD /* CalculatorButtonView.swift */; };
		41031AF9CBDFB30D2973FC54 /* Extensions.swift in Sources */ = {isa = PBXBuildFile; fileRef = 526A726C2660D66300B11792 /* Extensions.swift */; };
		46649FE93BE349B2BDDA749E /* FluidInterfacesSwiftUIApp.swift in Sources */ = {isa = PBXBuildFile; fileRef = 5205F4D5265FC1E3007CEBAD /* FluidInterfacesSwiftUIApp.swift */; };
		4AEC605DC6F789A4C68AADDC /* Assets.xcassets in Resources */ = {isa = PBXBuildFile; fileRef = 5205F4D7265FC1E5007CEBAD /* Assets.xcassets */; };
		5205F4F1265FC1E5007CEBAD /* Tests_iOS.swift in Sources */ = {isa = PBXBuildFile; fileRef = 5205F4F0265FC1E5007CEBAD /* Tests_iOS.swift */; };
		5205F4FC265FC1E5007CEBAD /* Tests_macOS.swift in Sources */ = {isa = PBXBuildFile; fileRef = 5205F4FB265FC1E5007CEBAD /* Tests_macOS.swift */; };
		5205F4FE265FC1E5007CEBAD /* FluidInterfacesSwiftUIApp.swift in Sources */ = {isa = PBXBuildFile; fileRef = 5205F4D5265FC1E3007CEBAD /* FluidInterfacesSwiftUIApp.swift */; };
		5205F4FF265FC1E5007CEBAD /* FluidInterfacesSwiftUIApp.swift in Sources */ = {isa = PBXBuildFile; fileRef = 5205F4D5265FC1E3007CEBAD /* FluidInterfacesSwiftUIApp.swift */; };
		5205F500265FC1E5007CEBAD /* ContentView.swift in Sources */ = {isa = PBXBuildFile; fileRef = 5205F4D6265FC1E3007CEBAD /* ContentView.swift */; };
		5205F501265FC1E5007CEBAD /* ContentView.swift in Sources */ = {isa = PBXBuildFile; fileRef = 5205F4D6265FC1E3007CEBAD /* ContentView.swift */; };
		5205F502265FC1E5007CEBAD /* Assets.xcassets in Resources */ = {isa = PBXBuildFile; fileRef = 5205F4D7265FC1E5007CEBAD /* Assets.xcassets */; };
		5205F503265FC1E5007CEBAD /* Assets.xcassets in Resources */ = {isa = PBXBuildFile; fileRef = 5205F4D7265FC1E5007CEBAD /* Assets.xcassets */; };
		5205F518265FC553007CEBAD /* CalculatorButtonView.swift in Sources */ = {isa = PBXBuildFile; fileRef = 5205F517265FC553007CEBAD /* CalculatorButtonView.swift */; };
		5205F519265FC553007CEBAD /* CalculatorButtonView.swift in Sources */ = {isa = PBXBuildFile; fileRef = 5205F517265FC553007CEBAD /* CalculatorButtonView.swift */; };
		522ECD922664FE1200F69884 /* FlashlightButtonView.swift in Sources */ = {isa = PBXBuildFile; fileRef = 522ECD912664FE1200F69884 /* FlashlightButtonView.swift */; };
		522ECD932664FE1200F69884 /* FlashlightButtonView.swift in Sources */ = {isa = PBXBuildFile; fileRef = 522ECD912664FE1200F69884 /* FlashlightButtonView.swift */; };
		522ECD952664FE2F00F69884 /* SpringAnimationsView.swift in Sources */ = {isa = PBXBuildFile; fileRef = 522ECD942664FE2F00F69884 /* SpringAnimationsView.swift */; };
		522ECD962664FE2F00F69884 /* SpringAnimationsView.swift in Sources */ = {isa = PBXBuildFile; fileRef = 522ECD942664FE2F00F69884 /* SpringAnimationsView.swift */; };
		522ECDA4266641C400F69884 /* RubberbandingView.swift in Sources */ = {isa = PBXBuildFile; fileRef = 522ECDA3266641C400F69884 /* RubberbandingView.swift */; };
		522ECDA5266641C400F69884 /* RubberbandingView.swift in Sources */ = {isa = PBXBuildFile; fileRef = 522ECDA3266641C400F69884 /* RubberbandingView.swift */; };
		522ECDA72667676000F69884 /* AccelerationPausingView.swift in Sources */ = {isa = PBXBuildFile; fileRef = 522ECDA62667676000F69884 /* AccelerationPausingView.swift */; };
		522ECDA82667676000F69884 /* AccelerationPausingView.swift in Sources */ = {isa = PBXBuildFile; fileRef = 522ECDA62667676000F69884 /* AccelerationPausingView.swift */; };
		522ECDAA2667B41900F69884 /* RewardingMomentumView.swift in Sources */ = {isa = PBXBuildFile; fileRef = 522ECDA92667B41900F69884 /* RewardingMomentumView.swift */; };
		522ECDAB2667B41900F69884 /* RewardingMomentumView.swift in Sources */ = {isa = PBXBuildFile; fileRef = 522ECDA92667B41900F69884 /* RewardingMomentumView.swift */; };
		522ECDB12668B9A100F69884 /* FormatedNumView.swift in Sources */ = {isa = PBXBuildFile; fileRef = 522ECDB02668B9A100F69884 /* FormatedNumView.swift */; };
		522ECDB22668B9A100F69884 /* FormatedNumView.swift in Sources */ = {isa = PBXBuildFile; fileRef = 522ECDB02668B9A100F69884 /* FormatedNumView.swift */; };
		522ECDB72668BD8500F69884 /* FaceTimePiPView.swift in Sources */ = {isa = PBXBuildFile; fileRef = 522ECDB62668BD8500F69884 /* FaceTimePiPView.swift */; };
		522ECDB82668BD8500F69884 /* FaceTimePiPView.swift in Sources */ = {isa = PBXBuildFile; fileRef = 522ECDB62668BD8500F69884 /* FaceTimePiPView.swift */; };
		525024EC27159F0400B8525D /* GradientView.swift in Sources */ = {isa = PBXBuildFile; fileRef = 525024EB27159F0400B8525D /* GradientView.swift */; };
		525024ED27159F0400B8525D /* GradientView.swift in Sources */ = {isa = PBXBuildFile; fileRef = 525024EB27159F0400B8525D /* GradientView.swift */; };
		526A726A2660D5A700B11792 /* ViewModifiers.swift in Sources */ = {isa = PBXBuildFile; fileRef = 526A72692660D5A700B11792 /* ViewModifiers.swift */; };
		526A726B2660D5A700B11792 /* ViewModifiers.swift in Sources */ = {isa = PBXBuildFile; fileRef = 526A72692660D5A700B11792 /* ViewModifiers.swift */; };
		526A726D2660D66300B11792 /* Extensions.swift in Sources */ = {isa = PBXBuildFile; fileRef = 526A726C2660D66300B11792 /* Extensions.swift */; };
		526A726E2660D66300B11792 /* Extensions.swift in Sources */ = {isa = PBXBuildFile; fileRef = 526A726C2660D66300B11792 /* Extensions.swift */; };
		530108B0A40B20BC75427494 /* Foundation.framework in Frameworks */ = {isa = PBXBuildFile; fileRef = 6D951F6F8253AE22CC68336B /* Foundation.framework */; };
		56C683B695B41E6DA6FCE246 /* ViewModifiers.swift in Sources */ = {isa = PBXBuildFile; fileRef = 526A72692660D5A700B11792 /* ViewModifiers.swift */; };
		5F1A0B0C0D0E0F0011223345 /* AppIcon.icon in Resources */ = {isa = PBXBuildFile; fileRef = 5F1A0B0C0D0E0F0011223344 /* AppIcon.icon */; };
		5F1A0B0C0D0E0F0011223346 /* AppIcon.icon in Resources */ = {isa = PBXBuildFile; fileRef = 5F1A0B0C0D0E0F0011223344 /* AppIcon.icon */; };
		5F1A0B0C0D0E0F0011223347 /* AppIcon.icon in Resources */ = {isa = PBXBuildFile; fileRef = 5F1A0B0C0D0E0F0011223344 /* AppIcon.icon */; };
		5F1A0B0C0D0E0F0011223348 /* AppIcon.icon in Resources */ = {isa = PBXBuildFile; fileRef = 5F1A0B0C0D0E0F0011223344 /* AppIcon.icon */; };
		6C638A75614F4D0EC8CBBF0F /* FlashlightButtonView.swift in Sources */ = {isa = PBXBuildFile; fileRef = 522ECD912664FE1200F69884 /* FlashlightButtonView.swift */; };
		6F26D7EA9F8E95DD718B726C /* AccelerationPausingView.swift in Sources */ = {isa = PBXBuildFile; fileRef = 522ECDA62667676000F69884 /* AccelerationPausingView.swift */; };
		72A4ED7FFADB014830EB81C0 /* RubberbandingView.swift in Sources */ = {isa = PBXBuildFile; fileRef = 522ECDA3266641C400F69884 /* RubberbandingView.swift */; };
		7601DD39F8B4F199F51F3826 /* FluidInterfacesSwiftUIApp.swift in Sources */ = {isa = PBXBuildFile; fileRef = 5205F4D5265FC1E3007CEBAD /* FluidInterfacesSwiftUIApp.swift */; };
		7A967138D112AC4A0C8E8E1E /* FormatedNumView.swift in Sources */ = {isa = PBXBuildFile; fileRef = 522ECDB02668B9A100F69884 /* FormatedNumView.swift */; };
		7B30AEA67BCD72E6A2DD254C /* Extensions.swift in Sources */ = {isa = PBXBuildFile; fileRef = 526A726C2660D66300B11792 /* Extensions.swift */; };
		8E83EDD6FF401C649C495E04 /* ViewModifiers.swift in Sources */ = {isa = PBXBuildFile; fileRef = 526A72692660D5A700B11792 /* ViewModifiers.swift */; };
		97A893B5F4738C901FA199F8 /* FaceTimePiPView.swift in Sources */ = {isa = PBXBuildFile; fileRef = 522ECDB62668BD8500F69884 /* FaceTimePiPView.swift */; };
		AA25E62573DD094048BAF442 /* RewardingMomentumView.swift in Sources */ = {isa = PBXBuildFile; fileRef = 522ECDA92667B41900F69884 /* RewardingMomentumView.swift */; };
		BB04E98BFAB1F23595AAAD66 /* ContentView.swift in Sources */ = {isa = PBXBuildFile; fileRef = 5205F4D6265FC1E3007CEBAD /* ContentView.swift */; };
		BB73B485C21C91BAAF04135F /* GradientView.swift in Sources */ = {isa = PBXBuildFile; fileRef = 525024EB27159F0400B8525D /* GradientView.swift */; };
		BE0B8034718FC2C19FA9B976 /* RubberbandingView.swift in Sources */ = {isa = PBXBuildFile; fileRef = 522ECDA3266641C400F69884 /* RubberbandingView.swift */; };
		DBE5354067B8C16267E43E7D /* CalculatorButtonView.swift in Sources */ = {isa = PBXBuildFile; fileRef = 5205F517265FC553007CEBAD /* CalculatorButtonView.swift */; };
		DED74B4E0C86C333C1B3B237 /* SpringAnimationsView.swift in Sources */ = {isa = PBXBuildFile; fileRef = 522ECD942664FE2F00F69884 /* SpringAnimationsView.swift */; };
		E1E7D07025E8F9D6ADF67974 /* FormatedNumView.swift in Sources */ = {isa = PBXBuildFile; fileRef = 522ECDB02668B9A100F69884 /* FormatedNumView.swift */; };
		EDB6F0AC0AD20ECFAA7ED031 /* Foundation.framework in Frameworks */ = {isa = PBXBuildFile; fileRef = FF5177C7C6901453F77AE186 /* Foundation.framework */; };
		EEE5E3C8DF68426F12C63088 /* Assets.xcassets in Resources */ = {isa = PBXBuildFile; fileRef = 5205F4D7265FC1E5007CEBAD /* Assets.xcassets */; };
		FAD7210E4AA156E8379349EA /* SpringAnimationsView.swift in Sources */ = {isa = PBXBuildFile; fileRef = 522ECD942664FE2F00F69884 /* SpringAnimationsView.swift */; };
		FD204B4CDE3624676BE1214E /* GradientView.swift in Sources */ = {isa = PBXBuildFile; fileRef = 525024EB27159F0400B8525D /* GradientView.swift */; };
/* End PBXBuildFile section */

/* Begin PBXContainerItemProxy section */
		5205F4ED265FC1E5007CEBAD /* PBXContainerItemProxy */ = {
			isa = PBXContainerItemProxy;
			containerPortal = 5205F4D0265FC1E3007CEBAD /* Project object */;
			proxyType = 1;
			remoteGlobalIDString = 5205F4DB265FC1E5007CEBAD;
			remoteInfo = "FluidInterfacesSwiftUI (iOS)";
		};
		5205F4F8265FC1E5007CEBAD /* PBXContainerItemProxy */ = {
			isa = PBXContainerItemProxy;
			containerPortal = 5205F4D0265FC1E3007CEBAD /* Project object */;
			proxyType = 1;
			remoteGlobalIDString = 5205F4E3265FC1E5007CEBAD;
			remoteInfo = "FluidInterfacesSwiftUI (macOS)";
		};
/* End PBXContainerItemProxy section */

/* Begin PBXFileReference section */
		338B6C612D9644F6CF9D1394 /* FluidInterfacesSwiftUI (visionOS).app */ = {isa = PBXFileReference; explicitFileType = wrapper.application; includeInIndex = 0; path = "FluidInterfacesSwiftUI (visionOS).app"; sourceTree = BUILT_PRODUCTS_DIR; };
		5205F4D5265FC1E3007CEBAD /* FluidInterfacesSwiftUIApp.swift */ = {isa = PBXFileReference; lastKnownFileType = sourcecode.swift; path = FluidInterfacesSwiftUIApp.swift; sourceTree = "<group>"; };
		5205F4D6265FC1E3007CEBAD /* ContentView.swift */ = {isa = PBXFileReference; lastKnownFileType = sourcecode.swift; path = ContentView.swift; sourceTree = "<group>"; };
		5205F4D7265FC1E5007CEBAD /* Assets.xcassets */ = {isa = PBXFileReference; lastKnownFileType = folder.assetcatalog; path = Assets.xcassets; sourceTree = "<group>"; };
		5205F4DC265FC1E5007CEBAD /* FluidInterfacesSwiftUI.app */ = {isa = PBXFileReference; explicitFileType = wrapper.application; includeInIndex = 0; path = FluidInterfacesSwiftUI.app; sourceTree = BUILT_PRODUCTS_DIR; };
		5205F4DF265FC1E5007CEBAD /* Info.plist */ = {isa = PBXFileReference; lastKnownFileType = text.plist.xml; path = Info.plist; sourceTree = "<group>"; };
		5205F4E4265FC1E5007CEBAD /* FluidInterfacesSwiftUI.app */ = {isa = PBXFileReference; explicitFileType = wrapper.application; includeInIndex = 0; path = FluidInterfacesSwiftUI.app; sourceTree = BUILT_PRODUCTS_DIR; };
		5205F4E6265FC1E5007CEBAD /* Info.plist */ = {isa = PBXFileReference; lastKnownFileType = text.plist.xml; path = Info.plist; sourceTree = "<group>"; };
		5205F4E7265FC1E5007CEBAD /* macOS.entitlements */ = {isa = PBXFileReference; lastKnownFileType = text.plist.entitlements; path = macOS.entitlements; sourceTree = "<group>"; };
		5205F4EC265FC1E5007CEBAD /* Tests iOS.xctest */ = {isa = PBXFileReference; explicitFileType = wrapper.cfbundle; includeInIndex = 0; path = "Tests iOS.xctest"; sourceTree = BUILT_PRODUCTS_DIR; };
		5205F4F0265FC1E5007CEBAD /* Tests_iOS.swift */ = {isa = PBXFileReference; lastKnownFileType = sourcecode.swift; path = Tests_iOS.swift; sourceTree = "<group>"; };
		5205F4F2265FC1E5007CEBAD /* Info.plist */ = {isa = PBXFileReference; lastKnownFileType = text.plist.xml; path = Info.plist; sourceTree = "<group>"; };
		5205F4F7265FC1E5007CEBAD /* Tests macOS.xctest */ = {isa = PBXFileReference; explicitFileType = wrapper.cfbundle; includeInIndex = 0; path = "Tests macOS.xctest"; sourceTree = BUILT_PRODUCTS_DIR; };
		5205F4FB265FC1E5007CEBAD /* Tests_macOS.swift */ = {isa = PBXFileReference; lastKnownFileType = sourcecode.swift; path = Tests_macOS.swift; sourceTree = "<group>"; };
		5205F4FD265FC1E5007CEBAD /* Info.plist */ = {isa = PBXFileReference; lastKnownFileType = text.plist.xml; path = Info.plist; sourceTree = "<group>"; };
		5205F517265FC553007CEBAD /* CalculatorButtonView.swift */ = {isa = PBXFileReference; fileEncoding = 4; lastKnownFileType = sourcecode.swift; name = CalculatorButtonView.swift; path = Views/CalculatorButtonView.swift; sourceTree = "<group>"; };
		522ECD912664FE1200F69884 /* FlashlightButtonView.swift */ = {isa = PBXFileReference; lastKnownFileType = sourcecode.swift; name = FlashlightButtonView.swift; path = Views/FlashlightButtonView.swift; sourceTree = "<group>"; };
		522ECD942664FE2F00F69884 /* SpringAnimationsView.swift */ = {isa = PBXFileReference; fileEncoding = 4; lastKnownFileType = sourcecode.swift; name = SpringAnimationsView.swift; path = Views/SpringAnimationsView.swift; sourceTree = "<group>"; };
		522ECDA3266641C400F69884 /* RubberbandingView.swift */ = {isa = PBXFileReference; fileEncoding = 4; lastKnownFileType = sourcecode.swift; name = RubberbandingView.swift; path = Views/RubberbandingView.swift; sourceTree = "<group>"; };
		522ECDA62667676000F69884 /* AccelerationPausingView.swift */ = {isa = PBXFileReference; lastKnownFileType = sourcecode.swift; name = AccelerationPausingView.swift; path = Views/AccelerationPausingView.swift; sourceTree = "<group>"; };
		522ECDA92667B41900F69884 /* RewardingMomentumView.swift */ = {isa = PBXFileReference; lastKnownFileType = sourcecode.swift; name = RewardingMomentumView.swift; path = Views/RewardingMomentumView.swift; sourceTree = "<group>"; };
		522ECDB02668B9A100F69884 /* FormatedNumView.swift */ = {isa = PBXFileReference; fileEncoding = 4; lastKnownFileType = sourcecode.swift; name = FormatedNumView.swift; path = Components/FormatedNumView.swift; sourceTree = "<group>"; };
		522ECDB62668BD8500F69884 /* FaceTimePiPView.swift */ = {isa = PBXFileReference; fileEncoding = 4; lastKnownFileType = sourcecode.swift; name = FaceTimePiPView.swift; path = Views/FaceTimePiPView.swift; sourceTree = "<group>"; };
		525024EB27159F0400B8525D /* GradientView.swift */ = {isa = PBXFileReference; lastKnownFileType = sourcecode.swift; path = GradientView.swift; sourceTree = "<group>"; };
		526A72692660D5A700B11792 /* ViewModifiers.swift */ = {isa = PBXFileReference; lastKnownFileType = sourcecode.swift; path = ViewModifiers.swift; sourceTree = "<group>"; };
		526A726C2660D66300B11792 /* Extensions.swift */ = {isa = PBXFileReference; lastKnownFileType = sourcecode.swift; path = Extensions.swift; sourceTree = "<group>"; };
		5F1A0B0C0D0E0F0011223344 /* AppIcon.icon */ = {isa = PBXFileReference; lastKnownFileType = folder.iconcomposer.icon; path = AppIcon.icon; sourceTree = "<group>"; };
		6D951F6F8253AE22CC68336B /* Foundation.framework */ = {isa = PBXFileReference; lastKnownFileType = wrapper.framework; name = Foundation.framework; path = Platforms/AppleTVOS.platform/Developer/SDKs/AppleTVOS18.0.sdk/System/Library/Frameworks/Foundation.framework; sourceTree = DEVELOPER_DIR; };
		9595F1F8E340B532BB23901B /* Info.plist */ = {isa = PBXFileReference; includeInIndex = 1; lastKnownFileType = text.plist.xml; path = Info.plist; sourceTree = "<group>"; };
		A1529CCD330FA157AEA105CE /* Info.plist */ = {isa = PBXFileReference; includeInIndex = 1; lastKnownFileType = text.plist.xml; path = Info.plist; sourceTree = "<group>"; };
		D6BCD54164961437D6034643 /* FluidInterfacesSwiftUI (tvOS).app */ = {isa = PBXFileReference; explicitFileType = wrapper.application; includeInIndex = 0; path = "FluidInterfacesSwiftUI (tvOS).app"; sourceTree = BUILT_PRODUCTS_DIR; };
		FF5177C7C6901453F77AE186 /* Foundation.framework */ = {isa = PBXFileReference; lastKnownFileType = wrapper.framework; name = Foundation.framework; path = Platforms/XROS.platform/Developer/SDKs/XROS2.0.sdk/System/Library/Frameworks/Foundation.framework; sourceTree = DEVELOPER_DIR; };
/* End PBXFileReference section */

/* Begin PBXFrameworksBuildPhase section */
		0C64AF1D9950294EFF854CF0 /* Frameworks */ = {
			isa = PBXFrameworksBuildPhase;
			files = (
				EDB6F0AC0AD20ECFAA7ED031 /* Foundation.framework in Frameworks */,
			);
		};
		5205F4D9265FC1E5007CEBAD /* Frameworks */ = {
			isa = PBXFrameworksBuildPhase;
			files = (
			);
		};
		5205F4E1265FC1E5007CEBAD /* Frameworks */ = {
			isa = PBXFrameworksBuildPhase;
			files = (
			);
		};
		5205F4E9265FC1E5007CEBAD /* Frameworks */ = {
			isa = PBXFrameworksBuildPhase;
			files = (
			);
		};
		5205F4F4265FC1E5007CEBAD /* Frameworks */ = {
			isa = PBXFrameworksBuildPhase;
			files = (
			);
		};
		B399A49A185C56E13AC2E8F5 /* Frameworks */ = {
			isa = PBXFrameworksBuildPhase;
			files = (
				530108B0A40B20BC75427494 /* Foundation.framework in Frameworks */,
			);
		};
/* End PBXFrameworksBuildPhase section */

/* Begin PBXGroup section */
		3ECD50E66FA06BDFAE7C3B65 /* tvOS */ = {
			isa = PBXGroup;
			children = (
				6D951F6F8253AE22CC68336B /* Foundation.framework */,
			);
			name = tvOS;
			sourceTree = "<group>";
		};
		48A661F9C8640F01D79E07C9 /* Frameworks */ = {
			isa = PBXGroup;
			children = (
				4F5EF818413AF314CE1848ED /* visionOS */,
				3ECD50E66FA06BDFAE7C3B65 /* tvOS */,
			);
			name = Frameworks;
			sourceTree = "<group>";
		};
		4F5EF818413AF314CE1848ED /* visionOS */ = {
			isa = PBXGroup;
			children = (
				FF5177C7C6901453F77AE186 /* Foundation.framework */,
			);
			name = visionOS;
			sourceTree = "<group>";
		};
		5205F4CF265FC1E3007CEBAD = {
			isa = PBXGroup;
			children = (
				5205F4D4265FC1E3007CEBAD /* Shared */,
				5205F4DE265FC1E5007CEBAD /* iOS */,
				5205F4E5265FC1E5007CEBAD /* macOS */,
				5205F4EF265FC1E5007CEBAD /* Tests iOS */,
				5205F4FA265FC1E5007CEBAD /* Tests macOS */,
				5205F4DD265FC1E5007CEBAD /* Products */,
				48A661F9C8640F01D79E07C9 /* Frameworks */,
				7CE040B21710E0BCF6F8F336 /* visionOS */,
				F6360871232FFAF4DAE0DE5E /* tvOS */,
			);
			sourceTree = "<group>";
		};
		5205F4D4265FC1E3007CEBAD /* Shared */ = {
			isa = PBXGroup;
			children = (
				5205F4D5265FC1E3007CEBAD /* FluidInterfacesSwiftUIApp.swift */,
				5205F4D6265FC1E3007CEBAD /* ContentView.swift */,
				526A726C2660D66300B11792 /* Extensions.swift */,
				5205F516265FC52D007CEBAD /* Views */,
				522ECDAF2668B82C00F69884 /* Components */,
				526A726F2660D67200B11792 /* Styles */,
				5205F4D7265FC1E5007CEBAD /* Assets.xcassets */,
				5F1A0B0C0D0E0F0011223344 /* AppIcon.icon */,
			);
			path = Shared;
			sourceTree = "<group>";
		};
		5205F4DD265FC1E5007CEBAD /* Products */ = {
			isa = PBXGroup;
			children = (
				5205F4DC265FC1E5007CEBAD /* FluidInterfacesSwiftUI.app */,
				5205F4E4265FC1E5007CEBAD /* FluidInterfacesSwiftUI.app */,
				5205F4EC265FC1E5007CEBAD /* Tests iOS.xctest */,
				5205F4F7265FC1E5007CEBAD /* Tests macOS.xctest */,
				338B6C612D9644F6CF9D1394 /* FluidInterfacesSwiftUI (visionOS).app */,
				D6BCD54164961437D6034643 /* FluidInterfacesSwiftUI (tvOS).app */,
			);
			name = Products;
			sourceTree = "<group>";
		};
		5205F4DE265FC1E5007CEBAD /* iOS */ = {
			isa = PBXGroup;
			children = (
				5205F4DF265FC1E5007CEBAD /* Info.plist */,
			);
			path = iOS;
			sourceTree = "<group>";
		};
		5205F4E5265FC1E5007CEBAD /* macOS */ = {
			isa = PBXGroup;
			children = (
				5205F4E6265FC1E5007CEBAD /* Info.plist */,
				5205F4E7265FC1E5007CEBAD /* macOS.entitlements */,
			);
			path = macOS;
			sourceTree = "<group>";
		};
		5205F4EF265FC1E5007CEBAD /* Tests iOS */ = {
			isa = PBXGroup;
			children = (
				5205F4F0265FC1E5007CEBAD /* Tests_iOS.swift */,
				5205F4F2265FC1E5007CEBAD /* Info.plist */,
			);
			path = "Tests iOS";
			sourceTree = "<group>";
		};
		5205F4FA265FC1E5007CEBAD /* Tests macOS */ = {
			isa = PBXGroup;
			children = (
				5205F4FB265FC1E5007CEBAD /* Tests_macOS.swift */,
				5205F4FD265FC1E5007CEBAD /* Info.plist */,
			);
			path = "Tests macOS";
			sourceTree = "<group>";
		};
		5205F516265FC52D007CEBAD /* Views */ = {
			isa = PBXGroup;
			children = (
				5205F517265FC553007CEBAD /* CalculatorButtonView.swift */,
				522ECD942664FE2F00F69884 /* SpringAnimationsView.swift */,
				522ECD912664FE1200F69884 /* FlashlightButtonView.swift */,
				522ECDA3266641C400F69884 /* RubberbandingView.swift */,
				522ECDA62667676000F69884 /* AccelerationPausingView.swift */,
				522ECDA92667B41900F69884 /* RewardingMomentumView.swift */,
				522ECDB62668BD8500F69884 /* FaceTimePiPView.swift */,
			);
			name = Views;
			sourceTree = "<group>";
		};
		522ECDAF2668B82C00F69884 /* Components */ = {
			isa = PBXGroup;
			children = (
				522ECDB02668B9A100F69884 /* FormatedNumView.swift */,
				525024EB27159F0400B8525D /* GradientView.swift */,
			);
			name = Components;
			sourceTree = "<group>";
		};
		526A726F2660D67200B11792 /* Styles */ = {
			isa = PBXGroup;
			children = (
				526A72692660D5A700B11792 /* ViewModifiers.swift */,
			);
			name = Styles;
			sourceTree = "<group>";
		};
		7CE040B21710E0BCF6F8F336 /* visionOS */ = {
			isa = PBXGroup;
			children = (
				A1529CCD330FA157AEA105CE /* Info.plist */,
			);
			path = visionOS;
			sourceTree = "<group>";
		};
		F6360871232FFAF4DAE0DE5E /* tvOS */ = {
			isa = PBXGroup;
			children = (
				9595F1F8E340B532BB23901B /* Info.plist */,
			);
			path = tvOS;
			sourceTree = "<group>";
		};
/* End PBXGroup section */

/* Begin PBXNativeTarget section */
		5205F4DB265FC1E5007CEBAD /* FluidInterfacesSwiftUI (iOS) */ = {
			isa = PBXNativeTarget;
			buildConfigurationList = 5205F506265FC1E5007CEBAD /* Build configuration list for PBXNativeTarget "FluidInterfacesSwiftUI (iOS)" */;
			buildPhases = (
				5205F4D8265FC1E5007CEBAD /* Sources */,
				5205F4D9265FC1E5007CEBAD /* Frameworks */,
				5205F4DA265FC1E5007CEBAD /* Resources */,
			);
			buildRules = (
			);
			name = "FluidInterfacesSwiftUI (iOS)";
			productName = "FluidInterfacesSwiftUI (iOS)";
			productReference = 5205F4DC265FC1E5007CEBAD /* FluidInterfacesSwiftUI.app */;
			productType = "com.apple.product-type.application";
		};
		5205F4E3265FC1E5007CEBAD /* FluidInterfacesSwiftUI (macOS) */ = {
			isa = PBXNativeTarget;
			buildConfigurationList = 5205F509265FC1E5007CEBAD /* Build configuration list for PBXNativeTarget "FluidInterfacesSwiftUI (macOS)" */;
			buildPhases = (
				5205F4E0265FC1E5007CEBAD /* Sources */,
				5205F4E1265FC1E5007CEBAD /* Frameworks */,
				5205F4E2265FC1E5007CEBAD /* Resources */,
			);
			buildRules = (
			);
			name = "FluidInterfacesSwiftUI (macOS)";
			productName = "FluidInterfacesSwiftUI (macOS)";
			productReference = 5205F4E4265FC1E5007CEBAD /* FluidInterfacesSwiftUI.app */;
			productType = "com.apple.product-type.application";
		};
		5205F4EB265FC1E5007CEBAD /* Tests iOS */ = {
			isa = PBXNativeTarget;
			buildConfigurationList = 5205F50C265FC1E5007CEBAD /* Build configuration list for PBXNativeTarget "Tests iOS" */;
			buildPhases = (
				5205F4E8265FC1E5007CEBAD /* Sources */,
				5205F4E9265FC1E5007CEBAD /* Frameworks */,
				5205F4EA265FC1E5007CEBAD /* Resources */,
			);
			buildRules = (
			);
			dependencies = (
				5205F4EE265FC1E5007CEBAD /* PBXTargetDependency */,
			);
			name = "Tests iOS";
			productName = "Tests iOS";
			productReference = 5205F4EC265FC1E5007CEBAD /* Tests iOS.xctest */;
			productType = "com.apple.product-type.bundle.ui-testing";
		};
		5205F4F6265FC1E5007CEBAD /* Tests macOS */ = {
			isa = PBXNativeTarget;
			buildConfigurationList = 5205F50F265FC1E5007CEBAD /* Build configuration list for PBXNativeTarget "Tests macOS" */;
			buildPhases = (
				5205F4F3265FC1E5007CEBAD /* Sources */,
				5205F4F4265FC1E5007CEBAD /* Frameworks */,
				5205F4F5265FC1E5007CEBAD /* Resources */,
			);
			buildRules = (
			);
			dependencies = (
				5205F4F9265FC1E5007CEBAD /* PBXTargetDependency */,
			);
			name = "Tests macOS";
			productName = "Tests macOS";
			productReference = 5205F4F7265FC1E5007CEBAD /* Tests macOS.xctest */;
			productType = "com.apple.product-type.bundle.ui-testing";
		};
		7096AF8DB9C69F5CDA02F9D2 /* FluidInterfacesSwiftUI (tvOS) */ = {
			isa = PBXNativeTarget;
			buildConfigurationList = AE9D2A1CAE00A99C3734538C /* Build configuration list for PBXNativeTarget "FluidInterfacesSwiftUI (tvOS)" */;
			buildPhases = (
				1B2CAA0E798D7F7886F7CC94 /* Sources */,
				B399A49A185C56E13AC2E8F5 /* Frameworks */,
				C680FFCC767292DA30ECA3DE /* Resources */,
			);
			buildRules = (
			);
			name = "FluidInterfacesSwiftUI (tvOS)";
			productName = "FluidInterfacesSwiftUI (tvOS)";
			productReference = D6BCD54164961437D6034643 /* FluidInterfacesSwiftUI (tvOS).app */;
			productType = "com.apple.product-type.application";
		};
		DD2D2C6D3395BF6781670B87 /* FluidInterfacesSwiftUI (visionOS) */ = {
			isa = PBXNativeTarget;
			buildConfigurationList = 8356B766AC1E94C5E1B2416F /* Build configuration list for PBXNativeTarget "FluidInterfacesSwiftUI (visionOS)" */;
			buildPhases = (
				8B094640518062F367030EEC /* Sources */,
				0C64AF1D9950294EFF854CF0 /* Frameworks */,
				F515578D872363D19B4464D1 /* Resources */,
			);
			buildRules = (
			);
			name = "FluidInterfacesSwiftUI (visionOS)";
			productName = "FluidInterfacesSwiftUI (visionOS)";
			productReference = 338B6C612D9644F6CF9D1394 /* FluidInterfacesSwiftUI (visionOS).app */;
			productType = "com.apple.product-type.application";
		};
/* End PBXNativeTarget section */

/* Begin PBXProject section */
		5205F4D0265FC1E3007CEBAD /* Project object */ = {
			isa = PBXProject;
			attributes = {
				BuildIndependentTargetsInParallel = YES;
				LastSwiftUpdateCheck = 1250;
				LastUpgradeCheck = 2660;
				TargetAttributes = {
					5205F4DB265FC1E5007CEBAD = {
						CreatedOnToolsVersion = 12.5;
					};
					5205F4E3265FC1E5007CEBAD = {
						CreatedOnToolsVersion = 12.5;
					};
					5205F4EB265FC1E5007CEBAD = {
						CreatedOnToolsVersion = 12.5;
						TestTargetID = 5205F4DB265FC1E5007CEBAD;
					};
					5205F4F6265FC1E5007CEBAD = {
						CreatedOnToolsVersion = 12.5;
						TestTargetID = 5205F4E3265FC1E5007CEBAD;
					};
				};
			};
			buildConfigurationList = 5205F4D3265FC1E3007CEBAD /* Build configuration list for PBXProject "FluidInterfacesSwiftUI" */;
			developmentRegion = en;
			hasScannedForEncodings = 0;
			knownRegions = (
				en,
				"zh-Hans",
				Base,
			);
			mainGroup = 5205F4CF265FC1E3007CEBAD;
			preferredProjectObjectVersion = 100;
			productRefGroup = 5205F4DD265FC1E5007CEBAD /* Products */;
			projectDirPath = "";
			projectRoot = "";
			targets = (
				5205F4DB265FC1E5007CEBAD /* FluidInterfacesSwiftUI (iOS) */,
				5205F4E3265FC1E5007CEBAD /* FluidInterfacesSwiftUI (macOS) */,
				5205F4EB265FC1E5007CEBAD /* Tests iOS */,
				5205F4F6265FC1E5007CEBAD /* Tests macOS */,
				DD2D2C6D3395BF6781670B87 /* FluidInterfacesSwiftUI (visionOS) */,
				7096AF8DB9C69F5CDA02F9D2 /* FluidInterfacesSwiftUI (tvOS) */,
			);
		};
/* End PBXProject section */

/* Begin PBXResourcesBuildPhase section */
		5205F4DA265FC1E5007CEBAD /* Resources */ = {
			isa = PBXResourcesBuildPhase;
			files = (
				5205F502265FC1E5007CEBAD /* Assets.xcassets in Resources */,
				5F1A0B0C0D0E0F0011223345 /* AppIcon.icon in Resources */,
			);
		};
		5205F4E2265FC1E5007CEBAD /* Resources */ = {
			isa = PBXResourcesBuildPhase;
			files = (
				5205F503265FC1E5007CEBAD /* Assets.xcassets in Resources */,
				5F1A0B0C0D0E0F0011223346 /* AppIcon.icon in Resources */,
			);
		};
		5205F4EA265FC1E5007CEBAD /* Resources */ = {
			isa = PBXResourcesBuildPhase;
			files = (
			);
		};
		5205F4F5265FC1E5007CEBAD /* Resources */ = {
			isa = PBXResourcesBuildPhase;
			files = (
			);
		};
		C680FFCC767292DA30ECA3DE /* Resources */ = {
			isa = PBXResourcesBuildPhase;
			files = (
				EEE5E3C8DF68426F12C63088 /* Assets.xcassets in Resources */,
				5F1A0B0C0D0E0F0011223347 /* AppIcon.icon in Resources */,
			);
		};
		F515578D872363D19B4464D1 /* Resources */ = {
			isa = PBXResourcesBuildPhase;
			files = (
				4AEC605DC6F789A4C68AADDC /* Assets.xcassets in Resources */,
				5F1A0B0C0D0E0F0011223348 /* AppIcon.icon in Resources */,
			);
		};
/* End PBXResourcesBuildPhase section */

/* Begin PBXSourcesBuildPhase section */
		1B2CAA0E798D7F7886F7CC94 /* Sources */ = {
			isa = PBXSourcesBuildPhase;
			files = (
				46649FE93BE349B2BDDA749E /* FluidInterfacesSwiftUIApp.swift in Sources */,
				2125DBCEBC52E48684081264 /* ContentView.swift in Sources */,
				7B30AEA67BCD72E6A2DD254C /* Extensions.swift in Sources */,
				338A36BE20634AF466D97354 /* CalculatorButtonView.swift in Sources */,
				DED74B4E0C86C333C1B3B237 /* SpringAnimationsView.swift in Sources */,
				2DB1400F88DD23D80948F05D /* FlashlightButtonView.swift in Sources */,
				BE0B8034718FC2C19FA9B976 /* RubberbandingView.swift in Sources */,
				01B14B85383457BCCE87A686 /* AccelerationPausingView.swift in Sources */,
				289B76BFF1072B0C5FBB925C /* RewardingMomentumView.swift in Sources */,
				97A893B5F4738C901FA199F8 /* FaceTimePiPView.swift in Sources */,
				E1E7D07025E8F9D6ADF67974 /* FormatedNumView.swift in Sources */,
				BB73B485C21C91BAAF04135F /* GradientView.swift in Sources */,
				8E83EDD6FF401C649C495E04 /* ViewModifiers.swift in Sources */,
			);
		};
		5205F4D8265FC1E5007CEBAD /* Sources */ = {
			isa = PBXSourcesBuildPhase;
			files = (
				522ECDB72668BD8500F69884 /* FaceTimePiPView.swift in Sources */,
				522ECD952664FE2F00F69884 /* SpringAnimationsView.swift in Sources */,
				522ECDB12668B9A100F69884 /* FormatedNumView.swift in Sources */,
				522ECDA72667676000F69884 /* AccelerationPausingView.swift in Sources */,
				526A726D2660D66300B11792 /* Extensions.swift in Sources */,
				522ECDA4266641C400F69884 /* RubberbandingView.swift in Sources */,
				5205F500265FC1E5007CEBAD /* ContentView.swift in Sources */,
				522ECD922664FE1200F69884 /* FlashlightButtonView.swift in Sources */,
				525024EC27159F0400B8525D /* GradientView.swift in Sources */,
				526A726A2660D5A700B11792 /* ViewModifiers.swift in Sources */,
				5205F518265FC553007CEBAD /* CalculatorButtonView.swift in Sources */,
				522ECDAA2667B41900F69884 /* RewardingMomentumView.swift in Sources */,
				5205F4FE265FC1E5007CEBAD /* FluidInterfacesSwiftUIApp.swift in Sources */,
			);
		};
		5205F4E0265FC1E5007CEBAD /* Sources */ = {
			isa = PBXSourcesBuildPhase;
			files = (
				522ECDB82668BD8500F69884 /* FaceTimePiPView.swift in Sources */,
				522ECD962664FE2F00F69884 /* SpringAnimationsView.swift in Sources */,
				522ECDB22668B9A100F69884 /* FormatedNumView.swift in Sources */,
				522ECDA82667676000F69884 /* AccelerationPausingView.swift in Sources */,
				526A726E2660D66300B11792 /* Extensions.swift in Sources */,
				522ECDA5266641C400F69884 /* RubberbandingView.swift in Sources */,
				5205F501265FC1E5007CEBAD /* ContentView.swift in Sources */,
				522ECD932664FE1200F69884 /* FlashlightButtonView.swift in Sources */,
				525024ED27159F0400B8525D /* GradientView.swift in Sources */,
				526A726B2660D5A700B11792 /* ViewModifiers.swift in Sources */,
				5205F519265FC553007CEBAD /* CalculatorButtonView.swift in Sources */,
				522ECDAB2667B41900F69884 /* RewardingMomentumView.swift in Sources */,
				5205F4FF265FC1E5007CEBAD /* FluidInterfacesSwiftUIApp.swift in Sources */,
			);
		};
		5205F4E8265FC1E5007CEBAD /* Sources */ = {
			isa = PBXSourcesBuildPhase;
			files = (
				5205F4F1265FC1E5007CEBAD /* Tests_iOS.swift in Sources */,
			);
		};
		5205F4F3265FC1E5007CEBAD /* Sources */ = {
			isa = PBXSourcesBuildPhase;
			files = (
				5205F4FC265FC1E5007CEBAD /* Tests_macOS.swift in Sources */,
			);
		};
		8B094640518062F367030EEC /* Sources */ = {
			isa = PBXSourcesBuildPhase;
			files = (
				7601DD39F8B4F199F51F3826 /* FluidInterfacesSwiftUIApp.swift in Sources */,
				BB04E98BFAB1F23595AAAD66 /* ContentView.swift in Sources */,
				41031AF9CBDFB30D2973FC54 /* Extensions.swift in Sources */,
				DBE5354067B8C16267E43E7D /* CalculatorButtonView.swift in Sources */,
				FAD7210E4AA156E8379349EA /* SpringAnimationsView.swift in Sources */,
				6C638A75614F4D0EC8CBBF0F /* FlashlightButtonView.swift in Sources */,
				72A4ED7FFADB014830EB81C0 /* RubberbandingView.swift in Sources */,
				6F26D7EA9F8E95DD718B726C /* AccelerationPausingView.swift in Sources */,
				AA25E62573DD094048BAF442 /* RewardingMomentumView.swift in Sources */,
				17B6B6E9904AF9FE05D4762A /* FaceTimePiPView.swift in Sources */,
				7A967138D112AC4A0C8E8E1E /* FormatedNumView.swift in Sources */,
				FD204B4CDE3624676BE1214E /* GradientView.swift in Sources */,
				56C683B695B41E6DA6FCE246 /* ViewModifiers.swift in Sources */,
			);
		};
/* End PBXSourcesBuildPhase section */

/* Begin PBXTargetDependency section */
		5205F4EE265FC1E5007CEBAD /* PBXTargetDependency */ = {
			isa = PBXTargetDependency;
			target = 5205F4DB265FC1E5007CEBAD /* FluidInterfacesSwiftUI (iOS) */;
			targetProxy = 5205F4ED265FC1E5007CEBAD /* PBXContainerItemProxy */;
		};
		5205F4F9265FC1E5007CEBAD /* PBXTargetDependency */ = {
			isa = PBXTargetDependency;
			target = 5205F4E3265FC1E5007CEBAD /* FluidInterfacesSwiftUI (macOS) */;
			targetProxy = 5205F4F8265FC1E5007CEBAD /* PBXContainerItemProxy */;
		};
/* End PBXTargetDependency section */

/* Begin XCBuildConfiguration section */
		49CDF9BBC1E8A32B8872BD67 /* Release configuration for PBXNativeTarget "FluidInterfacesSwiftUI (tvOS)" */ = {
			isa = XCBuildConfiguration;
			buildSettings = {
				ASSETCATALOG_COMPILER_APPICON_NAME = AppIcon;
				ASSETCATALOG_COMPILER_GLOBAL_ACCENT_COLOR_NAME = AccentColor;
				CODE_SIGN_STYLE = Automatic;
				ENABLE_PREVIEWS = YES;
				INFOPLIST_FILE = tvOS/Info.plist;
				LD_RUNPATH_SEARCH_PATHS = (
					"$(inherited)",
					"@executable_path/Frameworks",
				);
				PRODUCT_BUNDLE_IDENTIFIER = me.frad.FluidInterfacesSwiftUI.tvOS;
				PRODUCT_NAME = "$(TARGET_NAME)";
				SDKROOT = appletvos;
				SUPPORTED_PLATFORMS = "appletvos appletvsimulator";
				SWIFT_VERSION = 6.0;
				TVOS_DEPLOYMENT_TARGET = 26.0;
				VALIDATE_PRODUCT = YES;
			};
			name = Release;
		};
		5205F504265FC1E5007CEBAD /* Debug configuration for PBXProject "FluidInterfacesSwiftUI" */ = {
			isa = XCBuildConfiguration;
			buildSettings = {
				ALWAYS_SEARCH_USER_PATHS = NO;
				ASSETCATALOG_COMPILER_GENERATE_SWIFT_ASSET_SYMBOL_EXTENSIONS = YES;
				CLANG_ANALYZER_LOCALIZABILITY_NONLOCALIZED = YES;
				CLANG_ANALYZER_NONNULL = YES;
				CLANG_ANALYZER_NUMBER_OBJECT_CONVERSION = YES_AGGRESSIVE;
				CLANG_CXX_LANGUAGE_STANDARD = "gnu++14";
				CLANG_CXX_LIBRARY = "libc++";
				CLANG_ENABLE_MODULES = YES;
				CLANG_ENABLE_OBJC_ARC = YES;
				CLANG_ENABLE_OBJC_WEAK = YES;
				CLANG_WARN_BLOCK_CAPTURE_AUTORELEASING = YES;
				CLANG_WARN_BOOL_CONVERSION = YES;
				CLANG_WARN_COMMA = YES;
				CLANG_WARN_CONSTANT_CONVERSION = YES;
				CLANG_WARN_DEPRECATED_OBJC_IMPLEMENTATIONS = YES;
				CLANG_WARN_DIRECT_OBJC_ISA_USAGE = YES_ERROR;
				CLANG_WARN_DOCUMENTATION_COMMENTS = YES;
				CLANG_WARN_EMPTY_BODY = YES;
				CLANG_WARN_ENUM_CONVERSION = YES;
				CLANG_WARN_INFINITE_RECURSION = YES;
				CLANG_WARN_INT_CONVERSION = YES;
				CLANG_WARN_NON_LITERAL_NULL_CONVERSION = YES;
				CLANG_WARN_OBJC_IMPLICIT_RETAIN_SELF = YES;
				CLANG_WARN_OBJC_LITERAL_CONVERSION = YES;
				CLANG_WARN_OBJC_ROOT_CLASS = YES_ERROR;
				CLANG_WARN_QUOTED_INCLUDE_IN_FRAMEWORK_HEADER = YES;
				CLANG_WARN_RANGE_LOOP_ANALYSIS = YES;
				CLANG_WARN_STRICT_PROTOTYPES = YES;
				CLANG_WARN_SUSPICIOUS_MOVE = YES;
				CLANG_WARN_UNGUARDED_AVAILABILITY = YES_AGGRESSIVE;
				CLANG_WARN_UNREACHABLE_CODE = YES;
				CLANG_WARN__DUPLICATE_METHOD_MATCH = YES;
				COPY_PHASE_STRIP = NO;
				DEAD_CODE_STRIPPING = YES;
				DEBUG_INFORMATION_FORMAT = dwarf;
				DEVELOPMENT_TEAM = GTL29ANKNP;
				ENABLE_STRICT_OBJC_MSGSEND = YES;
				ENABLE_TESTABILITY = YES;
				ENABLE_USER_SCRIPT_SANDBOXING = YES;
				GCC_C_LANGUAGE_STANDARD = gnu11;
				GCC_DYNAMIC_NO_PIC = NO;
				GCC_NO_COMMON_BLOCKS = YES;
				GCC_OPTIMIZATION_LEVEL = 0;
				GCC_PREPROCESSOR_DEFINITIONS = (
					"DEBUG=1",
					"$(inherited)",
				);
				GCC_WARN_64_TO_32_BIT_CONVERSION = YES;
				GCC_WARN_ABOUT_RETURN_TYPE = YES_ERROR;
				GCC_WARN_UNDECLARED_SELECTOR = YES;
				GCC_WARN_UNINITIALIZED_AUTOS = YES_AGGRESSIVE;
				GCC_WARN_UNUSED_FUNCTION = YES;
				GCC_WARN_UNUSED_VARIABLE = YES;
				MTL_ENABLE_DEBUG_INFO = INCLUDE_SOURCE;
				MTL_FAST_MATH = YES;
				ONLY_ACTIVE_ARCH = YES;
				STRING_CATALOG_GENERATE_SYMBOLS = YES;
				SWIFT_ACTIVE_COMPILATION_CONDITIONS = DEBUG;
				SWIFT_OPTIMIZATION_LEVEL = "-Onone";
			};
			name = Debug;
		};
		5205F505265FC1E5007CEBAD /* Release configuration for PBXProject "FluidInterfacesSwiftUI" */ = {
			isa = XCBuildConfiguration;
			buildSettings = {
				ALWAYS_SEARCH_USER_PATHS = NO;
				ASSETCATALOG_COMPILER_GENERATE_SWIFT_ASSET_SYMBOL_EXTENSIONS = YES;
				CLANG_ANALYZER_LOCALIZABILITY_NONLOCALIZED = YES;
				CLANG_ANALYZER_NONNULL = YES;
				CLANG_ANALYZER_NUMBER_OBJECT_CONVERSION = YES_AGGRESSIVE;
				CLANG_CXX_LANGUAGE_STANDARD = "gnu++14";
				CLANG_CXX_LIBRARY = "libc++";
				CLANG_ENABLE_MODULES = YES;
				CLANG_ENABLE_OBJC_ARC = YES;
				CLANG_ENABLE_OBJC_WEAK = YES;
				CLANG_WARN_BLOCK_CAPTURE_AUTORELEASING = YES;
				CLANG_WARN_BOOL_CONVERSION = YES;
				CLANG_WARN_COMMA = YES;
				CLANG_WARN_CONSTANT_CONVERSION = YES;
				CLANG_WARN_DEPRECATED_OBJC_IMPLEMENTATIONS = YES;
				CLANG_WARN_DIRECT_OBJC_ISA_USAGE = YES_ERROR;
				CLANG_WARN_DOCUMENTATION_COMMENTS = YES;
				CLANG_WARN_EMPTY_BODY = YES;
				CLANG_WARN_ENUM_CONVERSION = YES;
				CLANG_WARN_INFINITE_RECURSION = YES;
				CLANG_WARN_INT_CONVERSION = YES;
				CLANG_WARN_NON_LITERAL_NULL_CONVERSION = YES;
				CLANG_WARN_OBJC_IMPLICIT_RETAIN_SELF = YES;
				CLANG_WARN_OBJC_LITERAL_CONVERSION = YES;
				CLANG_WARN_OBJC_ROOT_CLASS = YES_ERROR;
				CLANG_WARN_QUOTED_INCLUDE_IN_FRAMEWORK_HEADER = YES;
				CLANG_WARN_RANGE_LOOP_ANALYSIS = YES;
				CLANG_WARN_STRICT_PROTOTYPES = YES;
				CLANG_WARN_SUSPICIOUS_MOVE = YES;
				CLANG_WARN_UNGUARDED_AVAILABILITY = YES_AGGRESSIVE;
				CLANG_WARN_UNREACHABLE_CODE = YES;
				CLANG_WARN__DUPLICATE_METHOD_MATCH = YES;
				COPY_PHASE_STRIP = NO;
				DEAD_CODE_STRIPPING = YES;
				DEBUG_INFORMATION_FORMAT = "dwarf-with-dsym";
				DEVELOPMENT_TEAM = GTL29ANKNP;
				ENABLE_NS_ASSERTIONS = NO;
				ENABLE_STRICT_OBJC_MSGSEND = YES;
				ENABLE_USER_SCRIPT_SANDBOXING = YES;
				GCC_C_LANGUAGE_STANDARD = gnu11;
				GCC_NO_COMMON_BLOCKS = YES;
				GCC_WARN_64_TO_32_BIT_CONVERSION = YES;
				GCC_WARN_ABOUT_RETURN_TYPE = YES_ERROR;
				GCC_WARN_UNDECLARED_SELECTOR = YES;
				GCC_WARN_UNINITIALIZED_AUTOS = YES_AGGRESSIVE;
				GCC_WARN_UNUSED_FUNCTION = YES;
				GCC_WARN_UNUSED_VARIABLE = YES;
				MTL_ENABLE_DEBUG_INFO = NO;
				MTL_FAST_MATH = YES;
				STRING_CATALOG_GENERATE_SYMBOLS = YES;
				SWIFT_COMPILATION_MODE = wholemodule;
				SWIFT_OPTIMIZATION_LEVEL = "-O";
			};
			name = Release;
		};
		5205F507265FC1E5007CEBAD /* Debug configuration for PBXNativeTarget "FluidInterfacesSwiftUI (iOS)" */ = {
			isa = XCBuildConfiguration;
			buildSettings = {
				ASSETCATALOG_COMPILER_APPICON_NAME = AppIcon;
				ASSETCATALOG_COMPILER_GLOBAL_ACCENT_COLOR_NAME = AccentColor;
				CODE_SIGN_STYLE = Automatic;
				ENABLE_PREVIEWS = YES;
				INFOPLIST_FILE = iOS/Info.plist;
				IPHONEOS_DEPLOYMENT_TARGET = 26.0;
				LD_RUNPATH_SEARCH_PATHS = (
					"$(inherited)",
					"@executable_path/Frameworks",
				);
				PRODUCT_BUNDLE_IDENTIFIER = me.frad.FluidInterfacesSwiftUI;
				PRODUCT_NAME = FluidInterfacesSwiftUI;
				SDKROOT = iphoneos;
				SUPPORTED_PLATFORMS = "iphoneos iphonesimulator";
				SWIFT_VERSION = 6.0;
				TARGETED_DEVICE_FAMILY = "1,2";
			};
			name = Debug;
		};
		5205F508265FC1E5007CEBAD /* Release configuration for PBXNativeTarget "FluidInterfacesSwiftUI (iOS)" */ = {
			isa = XCBuildConfiguration;
			buildSettings = {
				ASSETCATALOG_COMPILER_APPICON_NAME = AppIcon;
				ASSETCATALOG_COMPILER_GLOBAL_ACCENT_COLOR_NAME = AccentColor;
				CODE_SIGN_STYLE = Automatic;
				ENABLE_PREVIEWS = YES;
				INFOPLIST_FILE = iOS/Info.plist;
				IPHONEOS_DEPLOYMENT_TARGET = 26.0;
				LD_RUNPATH_SEARCH_PATHS = (
					"$(inherited)",
					"@executable_path/Frameworks",
				);
				PRODUCT_BUNDLE_IDENTIFIER = me.frad.FluidInterfacesSwiftUI;
				PRODUCT_NAME = FluidInterfacesSwiftUI;
				SDKROOT = iphoneos;
				SUPPORTED_PLATFORMS = "iphoneos iphonesimulator";
				SWIFT_VERSION = 6.0;
				TARGETED_DEVICE_FAMILY = "1,2";
				VALIDATE_PRODUCT = YES;
			};
			name = Release;
		};
		5205F50A265FC1E5007CEBAD /* Debug configuration for PBXNativeTarget "FluidInterfacesSwiftUI (macOS)" */ = {
			isa = XCBuildConfiguration;
			buildSettings = {
				ASSETCATALOG_COMPILER_APPICON_NAME = AppIcon;
				ASSETCATALOG_COMPILER_GLOBAL_ACCENT_COLOR_NAME = AccentColor;
				CODE_SIGN_ENTITLEMENTS = macOS/macOS.entitlements;
				CODE_SIGN_IDENTITY = "-";
				"CODE_SIGN_IDENTITY[sdk=macosx*]" = "-";
				CODE_SIGN_STYLE = Automatic;
				COMBINE_HIDPI_IMAGES = YES;
				DEAD_CODE_STRIPPING = YES;
				ENABLE_HARDENED_RUNTIME = YES;
				ENABLE_PREVIEWS = YES;
				INFOPLIST_FILE = macOS/Info.plist;
				LD_RUNPATH_SEARCH_PATHS = (
					"$(inherited)",
					"@executable_path/../Frameworks",
				);
				MACOSX_DEPLOYMENT_TARGET = 26.0;
				PRODUCT_BUNDLE_IDENTIFIER = me.frad.FluidInterfacesSwiftUI;
				PRODUCT_NAME = FluidInterfacesSwiftUI;
				SDKROOT = macosx;
				SUPPORTED_PLATFORMS = macosx;
				SWIFT_VERSION = 6.0;
			};
			name = Debug;
		};
		5205F50B265FC1E5007CEBAD /* Release configuration for PBXNativeTarget "FluidInterfacesSwiftUI (macOS)" */ = {
			isa = XCBuildConfiguration;
			buildSettings = {
				ASSETCATALOG_COMPILER_APPICON_NAME = AppIcon;
				ASSETCATALOG_COMPILER_GLOBAL_ACCENT_COLOR_NAME = AccentColor;
				CODE_SIGN_ENTITLEMENTS = macOS/macOS.entitlements;
				CODE_SIGN_IDENTITY = "-";
				"CODE_SIGN_IDENTITY[sdk=macosx*]" = "-";
				CODE_SIGN_STYLE = Automatic;
				COMBINE_HIDPI_IMAGES = YES;
				DEAD_CODE_STRIPPING = YES;
				ENABLE_HARDENED_RUNTIME = YES;
				ENABLE_PREVIEWS = YES;
				INFOPLIST_FILE = macOS/Info.plist;
				LD_RUNPATH_SEARCH_PATHS = (
					"$(inherited)",
					"@executable_path/../Frameworks",
				);
				MACOSX_DEPLOYMENT_TARGET = 26.0;
				PRODUCT_BUNDLE_IDENTIFIER = me.frad.FluidInterfacesSwiftUI;
				PRODUCT_NAME = FluidInterfacesSwiftUI;
				SDKROOT = macosx;
				SUPPORTED_PLATFORMS = macosx;
				SWIFT_VERSION = 6.0;
			};
			name = Release;
		};
		5205F50D265FC1E5007CEBAD /* Debug configuration for PBXNativeTarget "Tests iOS" */ = {
			isa = XCBuildConfiguration;
			buildSettings = {
				CODE_SIGN_STYLE = Automatic;
				INFOPLIST_FILE = "Tests iOS/Info.plist";
				IPHONEOS_DEPLOYMENT_TARGET = 26.0;
				LD_RUNPATH_SEARCH_PATHS = (
					"$(inherited)",
					"@executable_path/Frameworks",
					"@loader_path/Frameworks",
				);
				PRODUCT_BUNDLE_IDENTIFIER = "me.frad.Tests-iOS";
				PRODUCT_NAME = "$(TARGET_NAME)";
				SDKROOT = iphoneos;
				SWIFT_VERSION = 6.0;
				TARGETED_DEVICE_FAMILY = "1,2";
				TEST_TARGET_NAME = "FluidInterfacesSwiftUI (iOS)";
			};
			name = Debug;
		};
		5205F50E265FC1E5007CEBAD /* Release configuration for PBXNativeTarget "Tests iOS" */ = {
			isa = XCBuildConfiguration;
			buildSettings = {
				CODE_SIGN_STYLE = Automatic;
				INFOPLIST_FILE = "Tests iOS/Info.plist";
				IPHONEOS_DEPLOYMENT_TARGET = 26.0;
				LD_RUNPATH_SEARCH_PATHS = (
					"$(inherited)",
					"@executable_path/Frameworks",
					"@loader_path/Frameworks",
				);
				PRODUCT_BUNDLE_IDENTIFIER = "me.frad.Tests-iOS";
				PRODUCT_NAME = "$(TARGET_NAME)";
				SDKROOT = iphoneos;
				SWIFT_VERSION = 6.0;
				TARGETED_DEVICE_FAMILY = "1,2";
				TEST_TARGET_NAME = "FluidInterfacesSwiftUI (iOS)";
				VALIDATE_PRODUCT = YES;
			};
			name = Release;
		};
		5205F510265FC1E5007CEBAD /* Debug configuration for PBXNativeTarget "Tests macOS" */ = {
			isa = XCBuildConfiguration;
			buildSettings = {
				CODE_SIGN_STYLE = Automatic;
				COMBINE_HIDPI_IMAGES = YES;
				DEAD_CODE_STRIPPING = YES;
				INFOPLIST_FILE = "Tests macOS/Info.plist";
				LD_RUNPATH_SEARCH_PATHS = (
					"$(inherited)",
					"@executable_path/../Frameworks",
					"@loader_path/../Frameworks",
				);
				MACOSX_DEPLOYMENT_TARGET = 26.0;
				PRODUCT_BUNDLE_IDENTIFIER = "me.frad.Tests-macOS";
				PRODUCT_NAME = "$(TARGET_NAME)";
				SDKROOT = macosx;
				SWIFT_VERSION = 6.0;
				TEST_TARGET_NAME = "FluidInterfacesSwiftUI (macOS)";
			};
			name = Debug;
		};
		5205F511265FC1E5007CEBAD /* Release configuration for PBXNativeTarget "Tests macOS" */ = {
			isa = XCBuildConfiguration;
			buildSettings = {
				CODE_SIGN_STYLE = Automatic;
				COMBINE_HIDPI_IMAGES = YES;
				DEAD_CODE_STRIPPING = YES;
				INFOPLIST_FILE = "Tests macOS/Info.plist";
				LD_RUNPATH_SEARCH_PATHS = (
					"$(inherited)",
					"@executable_path/../Frameworks",
					"@loader_path/../Frameworks",
				);
				MACOSX_DEPLOYMENT_TARGET = 26.0;
				PRODUCT_BUNDLE_IDENTIFIER = "me.frad.Tests-macOS";
				PRODUCT_NAME = "$(TARGET_NAME)";
				SDKROOT = macosx;
				SWIFT_VERSION = 6.0;
				TEST_TARGET_NAME = "FluidInterfacesSwiftUI (macOS)";
			};
			name = Release;
		};
		A72D0710EB4B6140D7AC5203 /* Debug configuration for PBXNativeTarget "FluidInterfacesSwiftUI (visionOS)" */ = {
			isa = XCBuildConfiguration;
			buildSettings = {
				ASSETCATALOG_COMPILER_APPICON_NAME = AppIcon;
				ASSETCATALOG_COMPILER_GLOBAL_ACCENT_COLOR_NAME = AccentColor;
				CODE_SIGN_STYLE = Automatic;
				ENABLE_PREVIEWS = YES;
				INFOPLIST_FILE = visionOS/Info.plist;
				LD_RUNPATH_SEARCH_PATHS = (
					"$(inherited)",
					"@executable_path/Frameworks",
				);
				PRODUCT_BUNDLE_IDENTIFIER = me.frad.FluidInterfacesSwiftUI.visionOS;
				PRODUCT_NAME = "$(TARGET_NAME)";
				SDKROOT = xros;
				SUPPORTED_PLATFORMS = "xros xrsimulator";
				SWIFT_VERSION = 6.0;
				XROS_DEPLOYMENT_TARGET = 26.0;
			};
			name = Debug;
		};
		A816D2D83A227295D8B53F14 /* Debug configuration for PBXNativeTarget "FluidInterfacesSwiftUI (tvOS)" */ = {
			isa = XCBuildConfiguration;
			buildSettings = {
				ASSETCATALOG_COMPILER_APPICON_NAME = AppIcon;
				ASSETCATALOG_COMPILER_GLOBAL_ACCENT_COLOR_NAME = AccentColor;
				CODE_SIGN_STYLE = Automatic;
				ENABLE_PREVIEWS = YES;
				INFOPLIST_FILE = tvOS/Info.plist;
				LD_RUNPATH_SEARCH_PATHS = (
					"$(inherited)",
					"@executable_path/Frameworks",
				);
				PRODUCT_BUNDLE_IDENTIFIER = me.frad.FluidInterfacesSwiftUI.tvOS;
				PRODUCT_NAME = "$(TARGET_NAME)";
				SDKROOT = appletvos;
				SUPPORTED_PLATFORMS = "appletvos appletvsimulator";
				SWIFT_VERSION = 6.0;
				TVOS_DEPLOYMENT_TARGET = 26.0;
			};
			name = Debug;
		};
		BD9CEE478EC65F302F1EA7B5 /* Release configuration for PBXNativeTarget "FluidInterfacesSwiftUI (visionOS)" */ = {
			isa = XCBuildConfiguration;
			buildSettings = {
				ASSETCATALOG_COMPILER_APPICON_NAME = AppIcon;
				ASSETCATALOG_COMPILER_GLOBAL_ACCENT_COLOR_NAME = AccentColor;
				CODE_SIGN_STYLE = Automatic;
				ENABLE_PREVIEWS = YES;
				INFOPLIST_FILE = visionOS/Info.plist;
				LD_RUNPATH_SEARCH_PATHS = (
					"$(inherited)",
					"@executable_path/Frameworks",
				);
				PRODUCT_BUNDLE_IDENTIFIER = me.frad.FluidInterfacesSwiftUI.visionOS;
				PRODUCT_NAME = "$(TARGET_NAME)";
				SDKROOT = xros;
				SUPPORTED_PLATFORMS = "xros xrsimulator";
				SWIFT_VERSION = 6.0;
				VALIDATE_PRODUCT = YES;
				XROS_DEPLOYMENT_TARGET = 26.0;
			};
			name = Release;
		};
/* End XCBuildConfiguration section */

/* Begin XCConfigurationList section */
		5205F4D3265FC1E3007CEBAD /* Build configuration list for PBXProject "FluidInterfacesSwiftUI" */ = {
			isa = XCConfigurationList;
			buildConfigurations = (
				5205F504265FC1E5007CEBAD /* Debug configuration for PBXProject "FluidInterfacesSwiftUI" */,
				5205F505265FC1E5007CEBAD /* Release configuration for PBXProject "FluidInterfacesSwiftUI" */,
			);
			defaultConfigurationName = Release;
		};
		5205F506265FC1E5007CEBAD /* Build configuration list for PBXNativeTarget "FluidInterfacesSwiftUI (iOS)" */ = {
			isa = XCConfigurationList;
			buildConfigurations = (
				5205F507265FC1E5007CEBAD /* Debug configuration for PBXNativeTarget "FluidInterfacesSwiftUI (iOS)" */,
				5205F508265FC1E5007CEBAD /* Release configuration for PBXNativeTarget "FluidInterfacesSwiftUI (iOS)" */,
			);
			defaultConfigurationName = Release;
		};
		5205F509265FC1E5007CEBAD /* Build configuration list for PBXNativeTarget "FluidInterfacesSwiftUI (macOS)" */ = {
			isa = XCConfigurationList;
			buildConfigurations = (
				5205F50A265FC1E5007CEBAD /* Debug configuration for PBXNativeTarget "FluidInterfacesSwiftUI (macOS)" */,
				5205F50B265FC1E5007CEBAD /* Release configuration for PBXNativeTarget "FluidInterfacesSwiftUI (macOS)" */,
			);
			defaultConfigurationName = Release;
		};
		5205F50C265FC1E5007CEBAD /* Build configuration list for PBXNativeTarget "Tests iOS" */ = {
			isa = XCConfigurationList;
			buildConfigurations = (
				5205F50D265FC1E5007CEBAD /* Debug configuration for PBXNativeTarget "Tests iOS" */,
				5205F50E265FC1E5007CEBAD /* Release configuration for PBXNativeTarget "Tests iOS" */,
			);
			defaultConfigurationName = Release;
		};
		5205F50F265FC1E5007CEBAD /* Build configuration list for PBXNativeTarget "Tests macOS" */ = {
			isa = XCConfigurationList;
			buildConfigurations = (
				5205F510265FC1E5007CEBAD /* Debug configuration for PBXNativeTarget "Tests macOS" */,
				5205F511265FC1E5007CEBAD /* Release configuration for PBXNativeTarget "Tests macOS" */,
			);
			defaultConfigurationName = Release;
		};
		8356B766AC1E94C5E1B2416F /* Build configuration list for PBXNativeTarget "FluidInterfacesSwiftUI (visionOS)" */ = {
			isa = XCConfigurationList;
			buildConfigurations = (
				BD9CEE478EC65F302F1EA7B5 /* Release configuration for PBXNativeTarget "FluidInterfacesSwiftUI (visionOS)" */,
				A72D0710EB4B6140D7AC5203 /* Debug configuration for PBXNativeTarget "FluidInterfacesSwiftUI (visionOS)" */,
			);
			defaultConfigurationName = Release;
		};
		AE9D2A1CAE00A99C3734538C /* Build configuration list for PBXNativeTarget "FluidInterfacesSwiftUI (tvOS)" */ = {
			isa = XCConfigurationList;
			buildConfigurations = (
				49CDF9BBC1E8A32B8872BD67 /* Release configuration for PBXNativeTarget "FluidInterfacesSwiftUI (tvOS)" */,
				A816D2D83A227295D8B53F14 /* Debug configuration for PBXNativeTarget "FluidInterfacesSwiftUI (tvOS)" */,
			);
			defaultConfigurationName = Release;
		};
/* End XCConfigurationList section */
	};
	rootObject = 5205F4D0265FC1E3007CEBAD /* Project object */;
}
