// !$*UTF8*$!
{
	archiveVersion = 1;
	classes = {
	};
	objectVersion = 50;
	objects = {

/* Begin PBXBuildFile section */
		5205F4F1265FC1E5007CEBAD /* Tests_iOS.swift in Sources */ = {isa = PBXBuildFile; fileRef = 5205F4F0265FC1E5007CEBAD /* Tests_iOS.swift */; };
		5205F4FC265FC1E5007CEBAD /* Tests_macOS.swift in Sources */ = {isa = PBXBuildFile; fileRef = 5205F4FB265FC1E5007CEBAD /* Tests_macOS.swift */; };
		5205F4FE265FC1E5007CEBAD /* FluidInterfacesSwiftUIApp.swift in Sources */ = {isa = PBXBuildFile; fileRef = 5205F4D5265FC1E3007CEBAD /* FluidInterfacesSwiftUIApp.swift */; };
		5205F4FF265FC1E5007CEBAD /* FluidInterfacesSwiftUIApp.swift in Sources */ = {isa = PBXBuildFile; fileRef = 5205F4D5265FC1E3007CEBAD /* FluidInterfacesSwiftUIApp.swift */; };
		5205F500265FC1E5007CEBAD /* ContentView.swift in Sources */ = {isa = PBXBuildFile; fileRef = 5205F4D6265FC1E3007CEBAD /* ContentView.swift */; };
		5205F501265FC1E5007CEBAD /* ContentView.swift in Sources */ = {isa = PBXBuildFile; fileRef = 5205F4D6265FC1E3007CEBAD /* ContentView.swift */; };
		5205F502265FC1E5007CEBAD /* Assets.xcassets in Resources */ = {isa = PBXBuildFile; fileRef = 5205F4D7265FC1E5007CEBAD /* Assets.xcassets */; };
		5205F503265FC1E5007CEBAD /* Assets.xcassets in Resources */ = {isa = PBXBuildFile; fileRef = 5205F4D7265FC1E5007CEBAD /* Assets.xcassets */; };
		5205F518265FC553007CEBAD /* CalculatorButtonView.swift in Sources */ = {isa = PBXBuildFile; fileRef = 5205F517265FC553007CEBAD /* CalculatorButtonView.swift */; };
		5205F519265FC553007CEBAD /* CalculatorButtonView.swift in Sources */ = {isa = PBXBuildFile; fileRef = 5205F517265FC553007CEBAD /* CalculatorButtonView.swift */; };
		522ECD922664FE1200F69884 /* FlashlightButtonView.swift in Sources */ = {isa = PBXBuildFile; fileRef = 522ECD912664FE1200F69884 /* FlashlightButtonView.swift */; };
		522ECD932664FE1200F69884 /* FlashlightButtonView.swift in Sources */ = {isa = PBXBuildFile; fileRef = 522ECD912664FE1200F69884 /* FlashlightButtonView.swift */; };
		522ECD952664FE2F00F69884 /* SpringAnimationsView.swift in Sources */ = {isa = PBXBuildFile; fileRef = 522ECD942664FE2F00F69884 /* SpringAnimationsView.swift */; };
		522ECD962664FE2F00F69884 /* SpringAnimationsView.swift in Sources */ = {isa = PBXBuildFile; fileRef = 522ECD942664FE2F00F69884 /* SpringAnimationsView.swift */; };
		522ECDA4266641C400F69884 /* RubberbandingView.swift in Sources */ = {isa = PBXBuildFile; fileRef = 522ECDA3266641C400F69884 /* RubberbandingView.swift */; };
		522ECDA5266641C400F69884 /* RubberbandingView.swift in Sources */ = {isa = PBXBuildFile; fileRef = 522ECDA3266641C400F69884 /* RubberbandingView.swift */; };
		522ECDA72667676000F69884 /* AccelerationPausingView.swift in Sources */ = {isa = PBXBuildFile; fileRef = 522ECDA62667676000F69884 /* AccelerationPausingView.swift */; };
		522ECDA82667676000F69884 /* AccelerationPausingView.swift in Sources */ = {isa = PBXBuildFile; fileRef = 522ECDA62667676000F69884 /* AccelerationPausingView.swift */; };
		522ECDAA2667B41900F69884 /* RewardingMomentumView.swift in Sources */ = {isa = PBXBuildFile; fileRef = 522ECDA92667B41900F69884 /* RewardingMomentumView.swift */; };
		522ECDAB2667B41900F69884 /* RewardingMomentumView.swift in Sources */ = {isa = PBXBuildFile; fileRef = 522ECDA92667B41900F69884 /* RewardingMomentumView.swift */; };
		522ECDB12668B9A100F69884 /* FormatedNumView.swift in Sources */ = {isa = PBXBuildFile; fileRef = 522ECDB02668B9A100F69884 /* FormatedNumView.swift */; };
		522ECDB22668B9A100F69884 /* FormatedNumView.swift in Sources */ = {isa = PBXBuildFile; fileRef = 522ECDB02668B9A100F69884 /* FormatedNumView.swift */; };
		522ECDB72668BD8500F69884 /* FaceTimePiPView.swift in Sources */ = {isa = PBXBuildFile; fileRef = 522ECDB62668BD8500F69884 /* FaceTimePiPView.swift */; };
		522ECDB82668BD8500F69884 /* FaceTimePiPView.swift in Sources */ = {isa = PBXBuildFile; fileRef = 522ECDB62668BD8500F69884 /* FaceTimePiPView.swift */; };
		525024EC27159F0400B8525D /* GradientView.swift in Sources */ = {isa = PBXBuildFile; fileRef = 525024EB27159F0400B8525D /* GradientView.swift */; };
		525024ED27159F0400B8525D /* GradientView.swift in Sources */ = {isa = PBXBuildFile; fileRef = 525024EB27159F0400B8525D /* GradientView.swift */; };
		526A726A2660D5A700B11792 /* ViewModifiers.swift in Sources */ = {isa = PBXBuildFile; fileRef = 526A72692660D5A700B11792 /* ViewModifiers.swift */; };
		526A726B2660D5A700B11792 /* ViewModifiers.swift in Sources */ = {isa = PBXBuildFile; fileRef = 526A72692660D5A700B11792 /* ViewModifiers.swift */; };
		526A726D2660D66300B11792 /* Extensions.swift in Sources */ = {isa = PBXBuildFile; fileRef = 526A726C2660D66300B11792 /* Extensions.swift */; };
		526A726E2660D66300B11792 /* Extensions.swift in Sources */ = {isa = PBXBuildFile; fileRef = 526A726C2660D66300B11792 /* Extensions.swift */; };
/* End PBXBuildFile section */

/* Begin PBXContainerItemProxy section */
		5205F4ED265FC1E5007CEBAD /* PBXContainerItemProxy */ = {
			isa = PBXContainerItemProxy;
			containerPortal = 5205F4D0265FC1E3007CEBAD /* Project object */;
			proxyType = 1;
			remoteGlobalIDString = 5205F4DB265FC1E5007CEBAD;
			remoteInfo = "FluidInterfacesSwiftUI (iOS)";
		};
		5205F4F8265FC1E5007CEBAD /* PBXContainerItemProxy */ = {
			isa = PBXContainerItemProxy;
			containerPortal = 5205F4D0265FC1E3007CEBAD /* Project object */;
			proxyType = 1;
			remoteGlobalIDString = 5205F4E3265FC1E5007CEBAD;
			remoteInfo = "FluidInterfacesSwiftUI (macOS)";
		};
/* End PBXContainerItemProxy section */

/* Begin PBXFileReference section */
		5205F4D5265FC1E3007CEBAD /* FluidInterfacesSwiftUIApp.swift */ = {isa = PBXFileReference; lastKnownFileType = sourcecode.swift; path = FluidInterfacesSwiftUIApp.swift; sourceTree = "<group>"; };
		5205F4D6265FC1E3007CEBAD /* ContentView.swift */ = {isa = PBXFileReference; lastKnownFileType = sourcecode.swift; path = ContentView.swift; sourceTree = "<group>"; };
		5205F4D7265FC1E5007CEBAD /* Assets.xcassets */ = {isa = PBXFileReference; lastKnownFileType = folder.assetcatalog; path = Assets.xcassets; sourceTree = "<group>"; };
		5205F4DC265FC1E5007CEBAD /* FluidInterfacesSwiftUI.app */ = {isa = PBXFileReference; explicitFileType = wrapper.application; includeInIndex = 0; path = FluidInterfacesSwiftUI.app; sourceTree = BUILT_PRODUCTS_DIR; };
		5205F4DF265FC1E5007CEBAD /* Info.plist */ = {isa = PBXFileReference; lastKnownFileType = text.plist.xml; path = Info.plist; sourceTree = "<group>"; };
		5205F4E4265FC1E5007CEBAD /* FluidInterfacesSwiftUI.app */ = {isa = PBXFileReference; explicitFileType = wrapper.application; includeInIndex = 0; path = FluidInterfacesSwiftUI.app; sourceTree = BUILT_PRODUCTS_DIR; };
		5205F4E6265FC1E5007CEBAD /* Info.plist */ = {isa = PBXFileReference; lastKnownFileType = text.plist.xml; path = Info.plist; sourceTree = "<group>"; };
		5205F4E7265FC1E5007CEBAD /* macOS.entitlements */ = {isa = PBXFileReference; lastKnownFileType = text.plist.entitlements; path = macOS.entitlements; sourceTree = "<group>"; };
		5205F4EC265FC1E5007CEBAD /* Tests iOS.xctest */ = {isa = PBXFileReference; explicitFileType = wrapper.cfbundle; includeInIndex = 0; path = "Tests iOS.xctest"; sourceTree = BUILT_PRODUCTS_DIR; };
		5205F4F0265FC1E5007CEBAD /* Tests_iOS.swift */ = {isa = PBXFileReference; lastKnownFileType = sourcecode.swift; path = Tests_iOS.swift; sourceTree = "<group>"; };
		5205F4F2265FC1E5007CEBAD /* Info.plist */ = {isa = PBXFileReference; lastKnownFileType = text.plist.xml; path = Info.plist; sourceTree = "<group>"; };
		5205F4F7265FC1E5007CEBAD /* Tests macOS.xctest */ = {isa = PBXFileReference; explicitFileType = wrapper.cfbundle; includeInIndex = 0; path = "Tests macOS.xctest"; sourceTree = BUILT_PRODUCTS_DIR; };
		5205F4FB265FC1E5007CEBAD /* Tests_macOS.swift */ = {isa = PBXFileReference; lastKnownFileType = sourcecode.swift; path = Tests_macOS.swift; sourceTree = "<group>"; };
		5205F4FD265FC1E5007CEBAD /* Info.plist */ = {isa = PBXFileReference; lastKnownFileType = text.plist.xml; path = Info.plist; sourceTree = "<group>"; };
		5205F517265FC553007CEBAD /* CalculatorButtonView.swift */ = {isa = PBXFileReference; fileEncoding = 4; lastKnownFileType = sourcecode.swift; name = CalculatorButtonView.swift; path = Views/CalculatorButtonView.swift; sourceTree = "<group>"; };
		522ECD912664FE1200F69884 /* FlashlightButtonView.swift */ = {isa = PBXFileReference; lastKnownFileType = sourcecode.swift; name = FlashlightButtonView.swift; path = Views/FlashlightButtonView.swift; sourceTree = "<group>"; };
		522ECD942664FE2F00F69884 /* SpringAnimationsView.swift */ = {isa = PBXFileReference; fileEncoding = 4; lastKnownFileType = sourcecode.swift; name = SpringAnimationsView.swift; path = Views/SpringAnimationsView.swift; sourceTree = "<group>"; };
		522ECDA3266641C400F69884 /* RubberbandingView.swift */ = {isa = PBXFileReference; fileEncoding = 4; lastKnownFileType = sourcecode.swift; name = RubberbandingView.swift; path = Views/RubberbandingView.swift; sourceTree = "<group>"; };
		522ECDA62667676000F69884 /* AccelerationPausingView.swift */ = {isa = PBXFileReference; lastKnownFileType = sourcecode.swift; name = AccelerationPausingView.swift; path = Views/AccelerationPausingView.swift; sourceTree = "<group>"; };
		522ECDA92667B41900F69884 /* RewardingMomentumView.swift */ = {isa = PBXFileReference; lastKnownFileType = sourcecode.swift; name = RewardingMomentumView.swift; path = Views/RewardingMomentumView.swift; sourceTree = "<group>"; };
		522ECDB02668B9A100F69884 /* FormatedNumView.swift */ = {isa = PBXFileReference; fileEncoding = 4; lastKnownFileType = sourcecode.swift; name = FormatedNumView.swift; path = Components/FormatedNumView.swift; sourceTree = "<group>"; };
		522ECDB62668BD8500F69884 /* FaceTimePiPView.swift */ = {isa = PBXFileReference; fileEncoding = 4; lastKnownFileType = sourcecode.swift; name = FaceTimePiPView.swift; path = Views/FaceTimePiPView.swift; sourceTree = "<group>"; };
		525024EB27159F0400B8525D /* GradientView.swift */ = {isa = PBXFileReference; lastKnownFileType = sourcecode.swift; path = GradientView.swift; sourceTree = "<group>"; };
		526A72692660D5A700B11792 /* ViewModifiers.swift */ = {isa = PBXFileReference; lastKnownFileType = sourcecode.swift; path = ViewModifiers.swift; sourceTree = "<group>"; };
		526A726C2660D66300B11792 /* Extensions.swift */ = {isa = PBXFileReference; lastKnownFileType = sourcecode.swift; path = Extensions.swift; sourceTree = "<group>"; };
/* End PBXFileReference section */

/* Begin PBXFrameworksBuildPhase section */
		5205F4D9265FC1E5007CEBAD /* Frameworks */ = {
			isa = PBXFrameworksBuildPhase;
			buildActionMask = 2147483647;
			files = (
			);
			runOnlyForDeploymentPostprocessing = 0;
		};
		5205F4E1265FC1E5007CEBAD /* Frameworks */ = {
			isa = PBXFrameworksBuildPhase;
			buildActionMask = 2147483647;
			files = (
			);
			runOnlyForDeploymentPostprocessing = 0;
		};
		5205F4E9265FC1E5007CEBAD /* Frameworks */ = {
			isa = PBXFrameworksBuildPhase;
			buildActionMask = 2147483647;
			files = (
			);
			runOnlyForDeploymentPostprocessing = 0;
		};
		5205F4F4265FC1E5007CEBAD /* Frameworks */ = {
			isa = PBXFrameworksBuildPhase;
			buildActionMask = 2147483647;
			files = (
			);
			runOnlyForDeploymentPostprocessing = 0;
		};
/* End PBXFrameworksBuildPhase section */

/* Begin PBXGroup section */
		5205F4CF265FC1E3007CEBAD = {
			isa = PBXGroup;
			children = (
				5205F4D4265FC1E3007CEBAD /* Shared */,
				5205F4DE265FC1E5007CEBAD /* iOS */,
				5205F4E5265FC1E5007CEBAD /* macOS */,
				5205F4EF265FC1E5007CEBAD /* Tests iOS */,
				5205F4FA265FC1E5007CEBAD /* Tests macOS */,
				5205F4DD265FC1E5007CEBAD /* Products */,
			);
			sourceTree = "<group>";
		};
		5205F4D4265FC1E3007CEBAD /* Shared */ = {
			isa = PBXGroup;
			children = (
				5205F4D5265FC1E3007CEBAD /* FluidInterfacesSwiftUIApp.swift */,
				5205F4D6265FC1E3007CEBAD /* ContentView.swift */,
				526A726C2660D66300B11792 /* Extensions.swift */,
				5205F516265FC52D007CEBAD /* Views */,
				522ECDAF2668B82C00F69884 /* Components */,
				526A726F2660D67200B11792 /* Styles */,
				5205F4D7265FC1E5007CEBAD /* Assets.xcassets */,
			);
			path = Shared;
			sourceTree = "<group>";
		};
		5205F4DD265FC1E5007CEBAD /* Products */ = {
			isa = PBXGroup;
			children = (
				5205F4DC265FC1E5007CEBAD /* FluidInterfacesSwiftUI.app */,
				5205F4E4265FC1E5007CEBAD /* FluidInterfacesSwiftUI.app */,
				5205F4EC265FC1E5007CEBAD /* Tests iOS.xctest */,
				5205F4F7265FC1E5007CEBAD /* Tests macOS.xctest */,
			);
			name = Products;
			sourceTree = "<group>";
		};
		5205F4DE265FC1E5007CEBAD /* iOS */ = {
			isa = PBXGroup;
			children = (
				5205F4DF265FC1E5007CEBAD /* Info.plist */,
			);
			path = iOS;
			sourceTree = "<group>";
		};
		5205F4E5265FC1E5007CEBAD /* macOS */ = {
			isa = PBXGroup;
			children = (
				5205F4E6265FC1E5007CEBAD /* Info.plist */,
				5205F4E7265FC1E5007CEBAD /* macOS.entitlements */,
			);
			path = macOS;
			sourceTree = "<group>";
		};
		5205F4EF265FC1E5007CEBAD /* Tests iOS */ = {
			isa = PBXGroup;
			children = (
				5205F4F0265FC1E5007CEBAD /* Tests_iOS.swift */,
				5205F4F2265FC1E5007CEBAD /* Info.plist */,
			);
			path = "Tests iOS";
			sourceTree = "<group>";
		};
		5205F4FA265FC1E5007CEBAD /* Tests macOS */ = {
			isa = PBXGroup;
			children = (
				5205F4FB265FC1E5007CEBAD /* Tests_macOS.swift */,
				5205F4FD265FC1E5007CEBAD /* Info.plist */,
			);
			path = "Tests macOS";
			sourceTree = "<group>";
		};
		5205F516265FC52D007CEBAD /* Views */ = {
			isa = PBXGroup;
			children = (
				5205F517265FC553007CEBAD /* CalculatorButtonView.swift */,
				522ECD942664FE2F00F69884 /* SpringAnimationsView.swift */,
				522ECD912664FE1200F69884 /* FlashlightButtonView.swift */,
				522ECDA3266641C400F69884 /* RubberbandingView.swift */,
				522ECDA62667676000F69884 /* AccelerationPausingView.swift */,
				522ECDA92667B41900F69884 /* RewardingMomentumView.swift */,
				522ECDB62668BD8500F69884 /* FaceTimePiPView.swift */,
			);
			name = Views;
			sourceTree = "<group>";
		};
		522ECDAF2668B82C00F69884 /* Components */ = {
			isa = PBXGroup;
			children = (
				522ECDB02668B9A100F69884 /* FormatedNumView.swift */,
				525024EB27159F0400B8525D /* GradientView.swift */,
			);
			name = Components;
			sourceTree = "<group>";
		};
		526A726F2660D67200B11792 /* Styles */ = {
			isa = PBXGroup;
			children = (
				526A72692660D5A700B11792 /* ViewModifiers.swift */,
			);
			name = Styles;
			sourceTree = "<group>";
		};
/* End PBXGroup section */

/* Begin PBXNativeTarget section */
		5205F4DB265FC1E5007CEBAD /* FluidInterfacesSwiftUI (iOS) */ = {
			isa = PBXNativeTarget;
			buildConfigurationList = 5205F506265FC1E5007CEBAD /* Build configuration list for PBXNativeTarget "FluidInterfacesSwiftUI (iOS)" */;
			buildPhases = (
				5205F4D8265FC1E5007CEBAD /* Sources */,
				5205F4D9265FC1E5007CEBAD /* Frameworks */,
				5205F4DA265FC1E5007CEBAD /* Resources */,
			);
			buildRules = (
			);
			dependencies = (
			);
			name = "FluidInterfacesSwiftUI (iOS)";
			productName = "FluidInterfacesSwiftUI (iOS)";
			productReference = 5205F4DC265FC1E5007CEBAD /* FluidInterfacesSwiftUI.app */;
			productType = "com.apple.product-type.application";
		};
		5205F4E3265FC1E5007CEBAD /* FluidInterfacesSwiftUI (macOS) */ = {
			isa = PBXNativeTarget;
			buildConfigurationList = 5205F509265FC1E5007CEBAD /* Build configuration list for PBXNativeTarget "FluidInterfacesSwiftUI (macOS)" */;
			buildPhases = (
				5205F4E0265FC1E5007CEBAD /* Sources */,
				5205F4E1265FC1E5007CEBAD /* Frameworks */,
				5205F4E2265FC1E5007CEBAD /* Resources */,
			);
			buildRules = (
			);
			dependencies = (
			);
			name = "FluidInterfacesSwiftUI (macOS)";
			productName = "FluidInterfacesSwiftUI (macOS)";
			productReference = 5205F4E4265FC1E5007CEBAD /* FluidInterfacesSwiftUI.app */;
			productType = "com.apple.product-type.application";
		};
		5205F4EB265FC1E5007CEBAD /* Tests iOS */ = {
			isa = PBXNativeTarget;
			buildConfigurationList = 5205F50C265FC1E5007CEBAD /* Build configuration list for PBXNativeTarget "Tests iOS" */;
			buildPhases = (
				5205F4E8265FC1E5007CEBAD /* Sources */,
				5205F4E9265FC1E5007CEBAD /* Frameworks */,
				5205F4EA265FC1E5007CEBAD /* Resources */,
			);
			buildRules = (
			);
			dependencies = (
				5205F4EE265FC1E5007CEBAD /* PBXTargetDependency */,
			);
			name = "Tests iOS";
			productName = "Tests iOS";
			productReference = 5205F4EC265FC1E5007CEBAD /* Tests iOS.xctest */;
			productType = "com.apple.product-type.bundle.ui-testing";
		};
		5205F4F6265FC1E5007CEBAD /* Tests macOS */ = {
			isa = PBXNativeTarget;
			buildConfigurationList = 5205F50F265FC1E5007CEBAD /* Build configuration list for PBXNativeTarget "Tests macOS" */;
			buildPhases = (
				5205F4F3265FC1E5007CEBAD /* Sources */,
				5205F4F4265FC1E5007CEBAD /* Frameworks */,
				5205F4F5265FC1E5007CEBAD /* Resources */,
			);
			buildRules = (
			);
			dependencies = (
				5205F4F9265FC1E5007CEBAD /* PBXTargetDependency */,
			);
			name = "Tests macOS";
			productName = "Tests macOS";
			productReference = 5205F4F7265FC1E5007CEBAD /* Tests macOS.xctest */;
			productType = "com.apple.product-type.bundle.ui-testing";
		};
/* End PBXNativeTarget section */

/* Begin PBXProject section */
		5205F4D0265FC1E3007CEBAD /* Project object */ = {
			isa = PBXProject;
			attributes = {
				LastSwiftUpdateCheck = 1250;
				LastUpgradeCheck = 1300;
				TargetAttributes = {
					5205F4DB265FC1E5007CEBAD = {
						CreatedOnToolsVersion = 12.5;
					};
					5205F4E3265FC1E5007CEBAD = {
						CreatedOnToolsVersion = 12.5;
					};
					5205F4EB265FC1E5007CEBAD = {
						CreatedOnToolsVersion = 12.5;
						TestTargetID = 5205F4DB265FC1E5007CEBAD;
					};
					5205F4F6265FC1E5007CEBAD = {
						CreatedOnToolsVersion = 12.5;
						TestTargetID = 5205F4E3265FC1E5007CEBAD;
					};
				};
			};
			buildConfigurationList = 5205F4D3265FC1E3007CEBAD /* Build configuration list for PBXProject "FluidInterfacesSwiftUI" */;
			compatibilityVersion = "Xcode 9.3";
			developmentRegion = en;
			hasScannedForEncodings = 0;
			knownRegions = (
				en,
				"zh-Hans",
				Base,
			);
			mainGroup = 5205F4CF265FC1E3007CEBAD;
			productRefGroup = 5205F4DD265FC1E5007CEBAD /* Products */;
			projectDirPath = "";
			projectRoot = "";
			targets = (
				5205F4DB265FC1E5007CEBAD /* FluidInterfacesSwiftUI (iOS) */,
				5205F4E3265FC1E5007CEBAD /* FluidInterfacesSwiftUI (macOS) */,
				5205F4EB265FC1E5007CEBAD /* Tests iOS */,
				5205F4F6265FC1E5007CEBAD /* Tests macOS */,
			);
		};
/* End PBXProject section */

/* Begin PBXResourcesBuildPhase section */
		5205F4DA265FC1E5007CEBAD /* Resources */ = {
			isa = PBXResourcesBuildPhase;
			buildActionMask = 2147483647;
			files = (
				5205F502265FC1E5007CEBAD /* Assets.xcassets in Resources */,
			);
			runOnlyForDeploymentPostprocessing = 0;
		};
		5205F4E2265FC1E5007CEBAD /* Resources */ = {
			isa = PBXResourcesBuildPhase;
			buildActionMask = 2147483647;
			files = (
				5205F503265FC1E5007CEBAD /* Assets.xcassets in Resources */,
			);
			runOnlyForDeploymentPostprocessing = 0;
		};
		5205F4EA265FC1E5007CEBAD /* Resources */ = {
			isa = PBXResourcesBuildPhase;
			buildActionMask = 2147483647;
			files = (
			);
			runOnlyForDeploymentPostprocessing = 0;
		};
		5205F4F5265FC1E5007CEBAD /* Resources */ = {
			isa = PBXResourcesBuildPhase;
			buildActionMask = 2147483647;
			files = (
			);
			runOnlyForDeploymentPostprocessing = 0;
		};
/* End PBXResourcesBuildPhase section */

/* Begin PBXSourcesBuildPhase section */
		5205F4D8265FC1E5007CEBAD /* Sources */ = {
			isa = PBXSourcesBuildPhase;
			buildActionMask = 2147483647;
			files = (
				522ECDB72668BD8500F69884 /* FaceTimePiPView.swift in Sources */,
				522ECD952664FE2F00F69884 /* SpringAnimationsView.swift in Sources */,
				522ECDB12668B9A100F69884 /* FormatedNumView.swift in Sources */,
				522ECDA72667676000F69884 /* AccelerationPausingView.swift in Sources */,
				526A726D2660D66300B11792 /* Extensions.swift in Sources */,
				522ECDA4266641C400F69884 /* RubberbandingView.swift in Sources */,
				5205F500265FC1E5007CEBAD /* ContentView.swift in Sources */,
				522ECD922664FE1200F69884 /* FlashlightButtonView.swift in Sources */,
				525024EC27159F0400B8525D /* GradientView.swift in Sources */,
				526A726A2660D5A700B11792 /* ViewModifiers.swift in Sources */,
				5205F518265FC553007CEBAD /* CalculatorButtonView.swift in Sources */,
				522ECDAA2667B41900F69884 /* RewardingMomentumView.swift in Sources */,
				5205F4FE265FC1E5007CEBAD /* FluidInterfacesSwiftUIApp.swift in Sources */,
			);
			runOnlyForDeploymentPostprocessing = 0;
		};
		5205F4E0265FC1E5007CEBAD /* Sources */ = {
			isa = PBXSourcesBuildPhase;
			buildActionMask = 2147483647;
			files = (
				522ECDB82668BD8500F69884 /* FaceTimePiPView.swift in Sources */,
				522ECD962664FE2F00F69884 /* SpringAnimationsView.swift in Sources */,
				522ECDB22668B9A100F69884 /* FormatedNumView.swift in Sources */,
				522ECDA82667676000F69884 /* AccelerationPausingView.swift in Sources */,
				526A726E2660D66300B11792 /* Extensions.swift in Sources */,
				522ECDA5266641C400F69884 /* RubberbandingView.swift in Sources */,
				5205F501265FC1E5007CEBAD /* ContentView.swift in Sources */,
				522ECD932664FE1200F69884 /* FlashlightButtonView.swift in Sources */,
				525024ED27159F0400B8525D /* GradientView.swift in Sources */,
				526A726B2660D5A700B11792 /* ViewModifiers.swift in Sources */,
				5205F519265FC553007CEBAD /* CalculatorButtonView.swift in Sources */,
				522ECDAB2667B41900F69884 /* RewardingMomentumView.swift in Sources */,
				5205F4FF265FC1E5007CEBAD /* FluidInterfacesSwiftUIApp.swift in Sources */,
			);
			runOnlyForDeploymentPostprocessing = 0;
		};
		5205F4E8265FC1E5007CEBAD /* Sources */ = {
			isa = PBXSourcesBuildPhase;
			buildActionMask = 2147483647;
			files = (
				5205F4F1265FC1E5007CEBAD /* Tests_iOS.swift in Sources */,
			);
			runOnlyForDeploymentPostprocessing = 0;
		};
		5205F4F3265FC1E5007CEBAD /* Sources */ = {
			isa = PBXSourcesBuildPhase;
			buildActionMask = 2147483647;
			files = (
				5205F4FC265FC1E5007CEBAD /* Tests_macOS.swift in Sources */,
			);
			runOnlyForDeploymentPostprocessing = 0;
		};
/* End PBXSourcesBuildPhase section */

/* Begin PBXTargetDependency section */
		5205F4EE265FC1E5007CEBAD /* PBXTargetDependency */ = {
			isa = PBXTargetDependency;
			target = 5205F4DB265FC1E5007CEBAD /* FluidInterfacesSwiftUI (iOS) */;
			targetProxy = 5205F4ED265FC1E5007CEBAD /* PBXContainerItemProxy */;
		};
		5205F4F9265FC1E5007CEBAD /* PBXTargetDependency */ = {
			isa = PBXTargetDependency;
			target = 5205F4E3265FC1E5007CEBAD /* FluidInterfacesSwiftUI (macOS) */;
			targetProxy = 5205F4F8265FC1E5007CEBAD /* PBXContainerItemProxy */;
		};
/* End PBXTargetDependency section */

/* Begin XCBuildConfiguration section */
		5205F504265FC1E5007CEBAD /* Debug */ = {
			isa = XCBuildConfiguration;
			buildSettings = {
				ALWAYS_SEARCH_USER_PATHS = NO;
				CLANG_ANALYZER_LOCALIZABILITY_NONLOCALIZED = YES;
				CLANG_ANALYZER_NONNULL = YES;
				CLANG_ANALYZER_NUMBER_OBJECT_CONVERSION = YES_AGGRESSIVE;
				CLANG_CXX_LANGUAGE_STANDARD = "gnu++14";
				CLANG_CXX_LIBRARY = "libc++";
				CLANG_ENABLE_MODULES = YES;
				CLANG_ENABLE_OBJC_ARC = YES;
				CLANG_ENABLE_OBJC_WEAK = YES;
				CLANG_WARN_BLOCK_CAPTURE_AUTORELEASING = YES;
				CLANG_WARN_BOOL_CONVERSION = YES;
				CLANG_WARN_COMMA = YES;
				CLANG_WARN_CONSTANT_CONVERSION = YES;
				CLANG_WARN_DEPRECATED_OBJC_IMPLEMENTATIONS = YES;
				CLANG_WARN_DIRECT_OBJC_ISA_USAGE = YES_ERROR;
				CLANG_WARN_DOCUMENTATION_COMMENTS = YES;
				CLANG_WARN_EMPTY_BODY = YES;
				CLANG_WARN_ENUM_CONVERSION = YES;
				CLANG_WARN_INFINITE_RECURSION = YES;
				CLANG_WARN_INT_CONVERSION = YES;
				CLANG_WARN_NON_LITERAL_NULL_CONVERSION = YES;
				CLANG_WARN_OBJC_IMPLICIT_RETAIN_SELF = YES;
				CLANG_WARN_OBJC_LITERAL_CONVERSION = YES;
				CLANG_WARN_OBJC_ROOT_CLASS = YES_ERROR;
				CLANG_WARN_QUOTED_INCLUDE_IN_FRAMEWORK_HEADER = YES;
				CLANG_WARN_RANGE_LOOP_ANALYSIS = YES;
				CLANG_WARN_STRICT_PROTOTYPES = YES;
				CLANG_WARN_SUSPICIOUS_MOVE = YES;
				CLANG_WARN_UNGUARDED_AVAILABILITY = YES_AGGRESSIVE;
				CLANG_WARN_UNREACHABLE_CODE = YES;
				CLANG_WARN__DUPLICATE_METHOD_MATCH = YES;
				COPY_PHASE_STRIP = NO;
				DEBUG_INFORMATION_FORMAT = dwarf;
				ENABLE_STRICT_OBJC_MSGSEND = YES;
				ENABLE_TESTABILITY = YES;
				GCC_C_LANGUAGE_STANDARD = gnu11;
				GCC_DYNAMIC_NO_PIC = NO;
				GCC_NO_COMMON_BLOCKS = YES;
				GCC_OPTIMIZATION_LEVEL = 0;
				GCC_PREPROCESSOR_DEFINITIONS = (
					"DEBUG=1",
					"$(inherited)",
				);
				GCC_WARN_64_TO_32_BIT_CONVERSION = YES;
				GCC_WARN_ABOUT_RETURN_TYPE = YES_ERROR;
				GCC_WARN_UNDECLARED_SELECTOR = YES;
				GCC_WARN_UNINITIALIZED_AUTOS = YES_AGGRESSIVE;
				GCC_WARN_UNUSED_FUNCTION = YES;
				GCC_WARN_UNUSED_VARIABLE = YES;
				MTL_ENABLE_DEBUG_INFO = INCLUDE_SOURCE;
				MTL_FAST_MATH = YES;
				ONLY_ACTIVE_ARCH = YES;
				SWIFT_ACTIVE_COMPILATION_CONDITIONS = DEBUG;
				SWIFT_OPTIMIZATION_LEVEL = "-Onone";
			};
			name = Debug;
		};
		5205F505265FC1E5007CEBAD /* Release */ = {
			isa = XCBuildConfiguration;
			buildSettings = {
				ALWAYS_SEARCH_USER_PATHS = NO;
				CLANG_ANALYZER_LOCALIZABILITY_NONLOCALIZED = YES;
				CLANG_ANALYZER_NONNULL = YES;
				CLANG_ANALYZER_NUMBER_OBJECT_CONVERSION = YES_AGGRESSIVE;
				CLANG_CXX_LANGUAGE_STANDARD = "gnu++14";
				CLANG_CXX_LIBRARY = "libc++";
				CLANG_ENABLE_MODULES = YES;
				CLANG_ENABLE_OBJC_ARC = YES;
				CLANG_ENABLE_OBJC_WEAK = YES;
				CLANG_WARN_BLOCK_CAPTURE_AUTORELEASING = YES;
				CLANG_WARN_BOOL_CONVERSION = YES;
				CLANG_WARN_COMMA = YES;
				CLANG_WARN_CONSTANT_CONVERSION = YES;
				CLANG_WARN_DEPRECATED_OBJC_IMPLEMENTATIONS = YES;
				CLANG_WARN_DIRECT_OBJC_ISA_USAGE = YES_ERROR;
				CLANG_WARN_DOCUMENTATION_COMMENTS = YES;
				CLANG_WARN_EMPTY_BODY = YES;
				CLANG_WARN_ENUM_CONVERSION = YES;
				CLANG_WARN_INFINITE_RECURSION = YES;
				CLANG_WARN_INT_CONVERSION = YES;
				CLANG_WARN_NON_LITERAL_NULL_CONVERSION = YES;
				CLANG_WARN_OBJC_IMPLICIT_RETAIN_SELF = YES;
				CLANG_WARN_OBJC_LITERAL_CONVERSION = YES;
				CLANG_WARN_OBJC_ROOT_CLASS = YES_ERROR;
				CLANG_WARN_QUOTED_INCLUDE_IN_FRAMEWORK_HEADER = YES;
				CLANG_WARN_RANGE_LOOP_ANALYSIS = YES;
				CLANG_WARN_STRICT_PROTOTYPES = YES;
				CLANG_WARN_SUSPICIOUS_MOVE = YES;
				CLANG_WARN_UNGUARDED_AVAILABILITY = YES_AGGRESSIVE;
				CLANG_WARN_UNREACHABLE_CODE = YES;
				CLANG_WARN__DUPLICATE_METHOD_MATCH = YES;
				COPY_PHASE_STRIP = NO;
				DEBUG_INFORMATION_FORMAT = "dwarf-with-dsym";
				ENABLE_NS_ASSERTIONS = NO;
				ENABLE_STRICT_OBJC_MSGSEND = YES;
				GCC_C_LANGUAGE_STANDARD = gnu11;
				GCC_NO_COMMON_BLOCKS = YES;
				GCC_WARN_64_TO_32_BIT_CONVERSION = YES;
				GCC_WARN_ABOUT_RETURN_TYPE = YES_ERROR;
				GCC_WARN_UNDECLARED_SELECTOR = YES;
				GCC_WARN_UNINITIALIZED_AUTOS = YES_AGGRESSIVE;
				GCC_WARN_UNUSED_FUNCTION = YES;
				GCC_WARN_UNUSED_VARIABLE = YES;
				MTL_ENABLE_DEBUG_INFO = NO;
				MTL_FAST_MATH = YES;
				SWIFT_COMPILATION_MODE = wholemodule;
				SWIFT_OPTIMIZATION_LEVEL = "-O";
			};
			name = Release;
		};
		5205F507265FC1E5007CEBAD /* Debug */ = {
			isa = XCBuildConfiguration;
			buildSettings = {
				ASSETCATALOG_COMPILER_APPICON_NAME = AppIcon;
				ASSETCATALOG_COMPILER_GLOBAL_ACCENT_COLOR_NAME = AccentColor;
				CODE_SIGN_STYLE = Automatic;
				DEVELOPMENT_TEAM = GTL29ANKNP;
				ENABLE_PREVIEWS = YES;
				INFOPLIST_FILE = iOS/Info.plist;
				IPHONEOS_DEPLOYMENT_TARGET = 14.0;
				LD_RUNPATH_SEARCH_PATHS = (
					"$(inherited)",
					"@executable_path/Frameworks",
				);
				PRODUCT_BUNDLE_IDENTIFIER = me.frad.FluidInterfacesSwiftUI;
				PRODUCT_NAME = FluidInterfacesSwiftUI;
				SDKROOT = iphoneos;
				SWIFT_VERSION = 5.0;
				TARGETED_DEVICE_FAMILY = "1,2";
			};
			name = Debug;
		};
		5205F508265FC1E5007CEBAD /* Release */ = {
			isa = XCBuildConfiguration;
			buildSettings = {
				ASSETCATALOG_COMPILER_APPICON_NAME = AppIcon;
				ASSETCATALOG_COMPILER_GLOBAL_ACCENT_COLOR_NAME = AccentColor;
				CODE_SIGN_STYLE = Automatic;
				DEVELOPMENT_TEAM = GTL29ANKNP;
				ENABLE_PREVIEWS = YES;
				INFOPLIST_FILE = iOS/Info.plist;
				IPHONEOS_DEPLOYMENT_TARGET = 14.0;
				LD_RUNPATH_SEARCH_PATHS = (
					"$(inherited)",
					"@executable_path/Frameworks",
				);
				PRODUCT_BUNDLE_IDENTIFIER = me.frad.FluidInterfacesSwiftUI;
				PRODUCT_NAME = FluidInterfacesSwiftUI;
				SDKROOT = iphoneos;
				SWIFT_VERSION = 5.0;
				TARGETED_DEVICE_FAMILY = "1,2";
				VALIDATE_PRODUCT = YES;
			};
			name = Release;
		};
		5205F50A265FC1E5007CEBAD /* Debug */ = {
			isa = XCBuildConfiguration;
			buildSettings = {
				ASSETCATALOG_COMPILER_APPICON_NAME = AppIcon;
				ASSETCATALOG_COMPILER_GLOBAL_ACCENT_COLOR_NAME = AccentColor;
				CODE_SIGN_ENTITLEMENTS = macOS/macOS.entitlements;
				CODE_SIGN_IDENTITY = "-";
				CODE_SIGN_STYLE = Automatic;
				COMBINE_HIDPI_IMAGES = YES;
				DEVELOPMENT_TEAM = GTL29ANKNP;
				ENABLE_HARDENED_RUNTIME = YES;
				ENABLE_PREVIEWS = YES;
				INFOPLIST_FILE = macOS/Info.plist;
				LD_RUNPATH_SEARCH_PATHS = (
					"$(inherited)",
					"@executable_path/../Frameworks",
				);
				MACOSX_DEPLOYMENT_TARGET = 11.0;
				PRODUCT_BUNDLE_IDENTIFIER = me.frad.FluidInterfacesSwiftUI;
				PRODUCT_NAME = FluidInterfacesSwiftUI;
				SDKROOT = macosx;
				SWIFT_VERSION = 5.0;
			};
			name = Debug;
		};
		5205F50B265FC1E5007CEBAD /* Release */ = {
			isa = XCBuildConfiguration;
			buildSettings = {
				ASSETCATALOG_COMPILER_APPICON_NAME = AppIcon;
				ASSETCATALOG_COMPILER_GLOBAL_ACCENT_COLOR_NAME = AccentColor;
				CODE_SIGN_ENTITLEMENTS = macOS/macOS.entitlements;
				CODE_SIGN_IDENTITY = "-";
				CODE_SIGN_STYLE = Automatic;
				COMBINE_HIDPI_IMAGES = YES;
				DEVELOPMENT_TEAM = GTL29ANKNP;
				ENABLE_HARDENED_RUNTIME = YES;
				ENABLE_PREVIEWS = YES;
				INFOPLIST_FILE = macOS/Info.plist;
				LD_RUNPATH_SEARCH_PATHS = (
					"$(inherited)",
					"@executable_path/../Frameworks",
				);
				MACOSX_DEPLOYMENT_TARGET = 11.0;
				PRODUCT_BUNDLE_IDENTIFIER = me.frad.FluidInterfacesSwiftUI;
				PRODUCT_NAME = FluidInterfacesSwiftUI;
				SDKROOT = macosx;
				SWIFT_VERSION = 5.0;
			};
			name = Release;
		};
		5205F50D265FC1E5007CEBAD /* Debug */ = {
			isa = XCBuildConfiguration;
			buildSettings = {
				ALWAYS_EMBED_SWIFT_STANDARD_LIBRARIES = YES;
				CODE_SIGN_STYLE = Automatic;
				DEVELOPMENT_TEAM = GTL29ANKNP;
				INFOPLIST_FILE = "Tests iOS/Info.plist";
				IPHONEOS_DEPLOYMENT_TARGET = 14.5;
				LD_RUNPATH_SEARCH_PATHS = (
					"$(inherited)",
					"@executable_path/Frameworks",
					"@loader_path/Frameworks",
				);
				PRODUCT_BUNDLE_IDENTIFIER = "me.frad.Tests-iOS";
				PRODUCT_NAME = "$(TARGET_NAME)";
				SDKROOT = iphoneos;
				SWIFT_VERSION = 5.0;
				TARGETED_DEVICE_FAMILY = "1,2";
				TEST_TARGET_NAME = "FluidInterfacesSwiftUI (iOS)";
			};
			name = Debug;
		};
		5205F50E265FC1E5007CEBAD /* Release */ = {
			isa = XCBuildConfiguration;
			buildSettings = {
				ALWAYS_EMBED_SWIFT_STANDARD_LIBRARIES = YES;
				CODE_SIGN_STYLE = Automatic;
				DEVELOPMENT_TEAM = GTL29ANKNP;
				INFOPLIST_FILE = "Tests iOS/Info.plist";
				IPHONEOS_DEPLOYMENT_TARGET = 14.5;
				LD_RUNPATH_SEARCH_PATHS = (
					"$(inherited)",
					"@executable_path/Frameworks",
					"@loader_path/Frameworks",
				);
				PRODUCT_BUNDLE_IDENTIFIER = "me.frad.Tests-iOS";
				PRODUCT_NAME = "$(TARGET_NAME)";
				SDKROOT = iphoneos;
				SWIFT_VERSION = 5.0;
				TARGETED_DEVICE_FAMILY = "1,2";
				TEST_TARGET_NAME = "FluidInterfacesSwiftUI (iOS)";
				VALIDATE_PRODUCT = YES;
			};
			name = Release;
		};
		5205F510265FC1E5007CEBAD /* Debug */ = {
			isa = XCBuildConfiguration;
			buildSettings = {
				ALWAYS_EMBED_SWIFT_STANDARD_LIBRARIES = YES;
				CODE_SIGN_STYLE = Automatic;
				COMBINE_HIDPI_IMAGES = YES;
				DEVELOPMENT_TEAM = GTL29ANKNP;
				INFOPLIST_FILE = "Tests macOS/Info.plist";
				LD_RUNPATH_SEARCH_PATHS = (
					"$(inherited)",
					"@executable_path/../Frameworks",
					"@loader_path/../Frameworks",
				);
				MACOSX_DEPLOYMENT_TARGET = 11.3;
				PRODUCT_BUNDLE_IDENTIFIER = "me.frad.Tests-macOS";
				PRODUCT_NAME = "$(TARGET_NAME)";
				SDKROOT = macosx;
				SWIFT_VERSION = 5.0;
				TEST_TARGET_NAME = "FluidInterfacesSwiftUI (macOS)";
			};
			name = Debug;
		};
		5205F511265FC1E5007CEBAD /* Release */ = {
			isa = XCBuildConfiguration;
			buildSettings = {
				ALWAYS_EMBED_SWIFT_STANDARD_LIBRARIES = YES;
				CODE_SIGN_STYLE = Automatic;
				COMBINE_HIDPI_IMAGES = YES;
				DEVELOPMENT_TEAM = GTL29ANKNP;
				INFOPLIST_FILE = "Tests macOS/Info.plist";
				LD_RUNPATH_SEARCH_PATHS = (
					"$(inherited)",
					"@executable_path/../Frameworks",
					"@loader_path/../Frameworks",
				);
				MACOSX_DEPLOYMENT_TARGET = 11.3;
				PRODUCT_BUNDLE_IDENTIFIER = "me.frad.Tests-macOS";
				PRODUCT_NAME = "$(TARGET_NAME)";
				SDKROOT = macosx;
				SWIFT_VERSION = 5.0;
				TEST_TARGET_NAME = "FluidInterfacesSwiftUI (macOS)";
			};
			name = Release;
		};
/* End XCBuildConfiguration section */

/* Begin XCConfigurationList section */
		5205F4D3265FC1E3007CEBAD /* Build configuration list for PBXProject "FluidInterfacesSwiftUI" */ = {
			isa = XCConfigurationList;
			buildConfigurations = (
				5205F504265FC1E5007CEBAD /* Debug */,
				5205F505265FC1E5007CEBAD /* Release */,
			);
			defaultConfigurationIsVisible = 0;
			defaultConfigurationName = Release;
		};
		5205F506265FC1E5007CEBAD /* Build configuration list for PBXNativeTarget "FluidInterfacesSwiftUI (iOS)" */ = {
			isa = XCConfigurationList;
			buildConfigurations = (
				5205F507265FC1E5007CEBAD /* Debug */,
				5205F508265FC1E5007CEBAD /* Release */,
			);
			defaultConfigurationIsVisible = 0;
			defaultConfigurationName = Release;
		};
		5205F509265FC1E5007CEBAD /* Build configuration list for PBXNativeTarget "FluidInterfacesSwiftUI (macOS)" */ = {
			isa = XCConfigurationList;
			buildConfigurations = (
				5205F50A265FC1E5007CEBAD /* Debug */,
				5205F50B265FC1E5007CEBAD /* Release */,
			);
			defaultConfigurationIsVisible = 0;
			defaultConfigurationName = Release;
		};
		5205F50C265FC1E5007CEBAD /* Build configuration list for PBXNativeTarget "Tests iOS" */ = {
			isa = XCConfigurationList;
			buildConfigurations = (
				5205F50D265FC1E5007CEBAD /* Debug */,
				5205F50E265FC1E5007CEBAD /* Release */,
			);
			defaultConfigurationIsVisible = 0;
			defaultConfigurationName = Release;
		};
		5205F50F265FC1E5007CEBAD /* Build configuration list for PBXNativeTarget "Tests macOS" */ = {
			isa = XCConfigurationList;
			buildConfigurations = (
				5205F510265FC1E5007CEBAD /* Debug */,
				5205F511265FC1E5007CEBAD /* Release */,
			);
			defaultConfigurationIsVisible = 0;
			defaultConfigurationName = Release;
		};
/* End XCConfigurationList section */
	};
	rootObject = 5205F4D0265FC1E3007CEBAD /* Project object */;
}
